{
  "version": 4,
  "terraform_version": "1.6.3",
  "serial": 39,
  "lineage": "815e8521-8d65-c8c9-cdab-4c09f0890fb6",
  "outputs": {},
  "resources": [
    {
      "module": "module.environment",
      "mode": "data",
      "type": "vsphere_compute_cluster",
      "name": "cluster",
      "provider": "provider[\"registry.terraform.io/hashicorp/vsphere\"]",
      "instances": [
        {
          "schema_version": 0,
          "attributes": {
            "datacenter_id": "datacenter-3",
            "id": "domain-c22",
            "name": "CDX",
            "resource_pool_id": "resgroup-23"
          },
          "sensitive_attributes": []
        }
      ]
    },
    {
      "module": "module.environment",
      "mode": "data",
      "type": "vsphere_datacenter",
      "name": "dc",
      "provider": "provider[\"registry.terraform.io/hashicorp/vsphere\"]",
      "instances": [
        {
          "schema_version": 0,
          "attributes": {
            "id": "datacenter-3",
            "name": "CDX Datacenter"
          },
          "sensitive_attributes": []
        }
      ]
    },
    {
      "module": "module.environment",
      "mode": "data",
      "type": "vsphere_host",
      "name": "host_1",
      "provider": "provider[\"registry.terraform.io/hashicorp/vsphere\"]",
      "instances": [
        {
          "schema_version": 0,
          "attributes": {
            "datacenter_id": "datacenter-3",
            "id": "host-25",
            "name": "cdx-esxi-01.cdx.lab",
            "resource_pool_id": "resgroup-23"
          },
          "sensitive_attributes": []
        }
      ]
    },
    {
      "module": "module.environment",
      "mode": "managed",
      "type": "vsphere_folder",
      "name": "CDX_Internet_Folder",
      "provider": "provider[\"registry.terraform.io/hashicorp/vsphere\"]",
      "instances": [
        {
          "schema_version": 1,
          "attributes": {
            "custom_attributes": {},
            "datacenter_id": "datacenter-3",
            "id": "group-v3549",
            "path": "CDX Environment/Internet",
            "tags": [],
            "type": "vm"
          },
          "sensitive_attributes": [],
          "private": "eyJzY2hlbWFfdmVyc2lvbiI6IjEifQ==",
          "dependencies": [
            "module.environment.data.vsphere_datacenter.dc",
            "module.environment.vsphere_folder.VM_parent"
          ]
        }
      ]
    },
    {
      "module": "module.environment",
      "mode": "managed",
      "type": "vsphere_folder",
      "name": "Core_Router_folder",
      "provider": "provider[\"registry.terraform.io/hashicorp/vsphere\"]",
      "instances": [
        {
          "schema_version": 1,
          "attributes": {
            "custom_attributes": {},
            "datacenter_id": "datacenter-3",
            "id": "group-v3552",
            "path": "CDX Environment/Internet/Core Routers",
            "tags": [],
            "type": "vm"
          },
          "sensitive_attributes": [],
          "private": "eyJzY2hlbWFfdmVyc2lvbiI6IjEifQ==",
          "dependencies": [
            "module.environment.data.vsphere_datacenter.dc",
            "module.environment.vsphere_folder.CDX_Internet_Folder",
            "module.environment.vsphere_folder.VM_parent"
          ]
        }
      ]
    },
    {
      "module": "module.environment",
      "mode": "managed",
      "type": "vsphere_folder",
      "name": "Servers_folder",
      "provider": "provider[\"registry.terraform.io/hashicorp/vsphere\"]",
      "instances": [
        {
          "schema_version": 1,
          "attributes": {
            "custom_attributes": {},
            "datacenter_id": "datacenter-3",
            "id": "group-v3550",
            "path": "CDX Environment/Internet/Servers",
            "tags": [],
            "type": "vm"
          },
          "sensitive_attributes": [],
          "private": "eyJzY2hlbWFfdmVyc2lvbiI6IjEifQ==",
          "dependencies": [
            "module.environment.data.vsphere_datacenter.dc",
            "module.environment.vsphere_folder.CDX_Internet_Folder",
            "module.environment.vsphere_folder.VM_parent"
          ]
        }
      ]
    },
    {
      "module": "module.environment",
      "mode": "managed",
      "type": "vsphere_folder",
      "name": "Tier_1_Router_folder",
      "provider": "provider[\"registry.terraform.io/hashicorp/vsphere\"]",
      "instances": [
        {
          "schema_version": 1,
          "attributes": {
            "custom_attributes": {},
            "datacenter_id": "datacenter-3",
            "id": "group-v3551",
            "path": "CDX Environment/Internet/Tier 1 Routers",
            "tags": [],
            "type": "vm"
          },
          "sensitive_attributes": [],
          "private": "eyJzY2hlbWFfdmVyc2lvbiI6IjEifQ==",
          "dependencies": [
            "module.environment.data.vsphere_datacenter.dc",
            "module.environment.vsphere_folder.CDX_Internet_Folder",
            "module.environment.vsphere_folder.VM_parent"
          ]
        }
      ]
    },
    {
      "module": "module.environment",
      "mode": "managed",
      "type": "vsphere_folder",
      "name": "VM_parent",
      "provider": "provider[\"registry.terraform.io/hashicorp/vsphere\"]",
      "instances": [
        {
          "schema_version": 1,
          "attributes": {
            "custom_attributes": {},
            "datacenter_id": "datacenter-3",
            "id": "group-v3534",
            "path": "CDX Environment",
            "tags": [],
            "type": "vm"
          },
          "sensitive_attributes": [],
          "private": "eyJzY2hlbWFfdmVyc2lvbiI6IjEifQ==",
          "dependencies": [
            "module.environment.data.vsphere_datacenter.dc"
          ]
        }
      ]
    },
    {
      "module": "module.environment",
      "mode": "managed",
      "type": "vsphere_host_port_group",
      "name": "CDX_Tier_0_Internet_h1_pg",
      "provider": "provider[\"registry.terraform.io/hashicorp/vsphere\"]",
      "instances": [
        {
          "schema_version": 0,
          "attributes": {
            "active_nics": null,
            "allow_forged_transmits": null,
            "allow_mac_changes": null,
            "allow_promiscuous": null,
            "check_beacon": null,
            "computed_policy": {
              "active_nics.#": "1",
              "active_nics.0": "vmnic0",
              "allow_forged_transmits": "true",
              "allow_mac_changes": "true",
              "allow_promiscuous": "true",
              "check_beacon": "false",
              "failback": "true",
              "notify_switches": "true",
              "shaping_average_bandwidth": "0",
              "shaping_burst_size": "0",
              "shaping_enabled": "false",
              "shaping_peak_bandwidth": "0",
              "standby_nics.#": "0",
              "teaming_policy": "loadbalance_srcid"
            },
            "failback": null,
            "host_system_id": "host-25",
            "id": "tf-HostPortGroup:host-25:CDX - Tier 0 - Internet",
            "key": "key-vim.host.PortGroup-CDX - Tier 0 - Internet",
            "name": "CDX - Tier 0 - Internet",
            "notify_switches": null,
            "ports": [],
            "shaping_average_bandwidth": 0,
            "shaping_burst_size": 0,
            "shaping_enabled": null,
            "shaping_peak_bandwidth": 0,
            "standby_nics": null,
            "teaming_policy": "",
            "virtual_switch_name": "vSwitch0",
            "vlan_id": 2901
          },
          "sensitive_attributes": [],
          "private": "bnVsbA==",
          "dependencies": [
            "module.environment.data.vsphere_datacenter.dc",
            "module.environment.data.vsphere_host.host_1"
          ]
        }
      ]
    },
    {
      "module": "module.environment",
      "mode": "managed",
      "type": "vsphere_host_port_group",
      "name": "CDX_Tier_1_Americas_h1_pg",
      "provider": "provider[\"registry.terraform.io/hashicorp/vsphere\"]",
      "instances": [
        {
          "schema_version": 0,
          "attributes": {
            "active_nics": null,
            "allow_forged_transmits": null,
            "allow_mac_changes": null,
            "allow_promiscuous": null,
            "check_beacon": null,
            "computed_policy": {
              "active_nics.#": "1",
              "active_nics.0": "vmnic0",
              "allow_forged_transmits": "true",
              "allow_mac_changes": "true",
              "allow_promiscuous": "true",
              "check_beacon": "false",
              "failback": "true",
              "notify_switches": "true",
              "shaping_average_bandwidth": "0",
              "shaping_burst_size": "0",
              "shaping_enabled": "false",
              "shaping_peak_bandwidth": "0",
              "standby_nics.#": "0",
              "teaming_policy": "loadbalance_srcid"
            },
            "failback": null,
            "host_system_id": "host-25",
            "id": "tf-HostPortGroup:host-25:CDX - Tier 1 - Americas",
            "key": "key-vim.host.PortGroup-CDX - Tier 1 - Americas",
            "name": "CDX - Tier 1 - Americas",
            "notify_switches": null,
            "ports": [],
            "shaping_average_bandwidth": 0,
            "shaping_burst_size": 0,
            "shaping_enabled": null,
            "shaping_peak_bandwidth": 0,
            "standby_nics": null,
            "teaming_policy": "",
            "virtual_switch_name": "vSwitch0",
            "vlan_id": 2903
          },
          "sensitive_attributes": [],
          "private": "bnVsbA==",
          "dependencies": [
            "module.environment.data.vsphere_datacenter.dc",
            "module.environment.data.vsphere_host.host_1"
          ]
        }
      ]
    },
    {
      "module": "module.environment",
      "mode": "managed",
      "type": "vsphere_host_port_group",
      "name": "CDX_Tier_1_Asia-Pacific_h1_pg",
      "provider": "provider[\"registry.terraform.io/hashicorp/vsphere\"]",
      "instances": [
        {
          "schema_version": 0,
          "attributes": {
            "active_nics": null,
            "allow_forged_transmits": null,
            "allow_mac_changes": null,
            "allow_promiscuous": null,
            "check_beacon": null,
            "computed_policy": {
              "active_nics.#": "1",
              "active_nics.0": "vmnic0",
              "allow_forged_transmits": "true",
              "allow_mac_changes": "true",
              "allow_promiscuous": "true",
              "check_beacon": "false",
              "failback": "true",
              "notify_switches": "true",
              "shaping_average_bandwidth": "0",
              "shaping_burst_size": "0",
              "shaping_enabled": "false",
              "shaping_peak_bandwidth": "0",
              "standby_nics.#": "0",
              "teaming_policy": "loadbalance_srcid"
            },
            "failback": null,
            "host_system_id": "host-25",
            "id": "tf-HostPortGroup:host-25:CDX - Tier 1 - Asia-Pacific",
            "key": "key-vim.host.PortGroup-CDX - Tier 1 - Asia-Pacific",
            "name": "CDX - Tier 1 - Asia-Pacific",
            "notify_switches": null,
            "ports": [],
            "shaping_average_bandwidth": 0,
            "shaping_burst_size": 0,
            "shaping_enabled": null,
            "shaping_peak_bandwidth": 0,
            "standby_nics": null,
            "teaming_policy": "",
            "virtual_switch_name": "vSwitch0",
            "vlan_id": 2902
          },
          "sensitive_attributes": [],
          "private": "bnVsbA==",
          "dependencies": [
            "module.environment.data.vsphere_datacenter.dc",
            "module.environment.data.vsphere_host.host_1"
          ]
        }
      ]
    },
    {
      "module": "module.environment",
      "mode": "managed",
      "type": "vsphere_host_port_group",
      "name": "CDX_Tier_1_Europe-Africa_h1_pg",
      "provider": "provider[\"registry.terraform.io/hashicorp/vsphere\"]",
      "instances": [
        {
          "schema_version": 0,
          "attributes": {
            "active_nics": null,
            "allow_forged_transmits": null,
            "allow_mac_changes": null,
            "allow_promiscuous": null,
            "check_beacon": null,
            "computed_policy": {
              "active_nics.#": "1",
              "active_nics.0": "vmnic0",
              "allow_forged_transmits": "true",
              "allow_mac_changes": "true",
              "allow_promiscuous": "true",
              "check_beacon": "false",
              "failback": "true",
              "notify_switches": "true",
              "shaping_average_bandwidth": "0",
              "shaping_burst_size": "0",
              "shaping_enabled": "false",
              "shaping_peak_bandwidth": "0",
              "standby_nics.#": "0",
              "teaming_policy": "loadbalance_srcid"
            },
            "failback": null,
            "host_system_id": "host-25",
            "id": "tf-HostPortGroup:host-25:CDX - Tier 1 - Europe-Africa",
            "key": "key-vim.host.PortGroup-CDX - Tier 1 - Europe-Africa",
            "name": "CDX - Tier 1 - Europe-Africa",
            "notify_switches": null,
            "ports": [],
            "shaping_average_bandwidth": 0,
            "shaping_burst_size": 0,
            "shaping_enabled": null,
            "shaping_peak_bandwidth": 0,
            "standby_nics": null,
            "teaming_policy": "",
            "virtual_switch_name": "vSwitch0",
            "vlan_id": 2904
          },
          "sensitive_attributes": [],
          "private": "bnVsbA==",
          "dependencies": [
            "module.environment.data.vsphere_datacenter.dc",
            "module.environment.data.vsphere_host.host_1"
          ]
        }
      ]
    },
    {
      "module": "module.environment",
      "mode": "managed",
      "type": "vsphere_host_port_group",
      "name": "CDX_Tier_2_Amsterdam_h1_pg",
      "provider": "provider[\"registry.terraform.io/hashicorp/vsphere\"]",
      "instances": [
        {
          "schema_version": 0,
          "attributes": {
            "active_nics": null,
            "allow_forged_transmits": null,
            "allow_mac_changes": null,
            "allow_promiscuous": null,
            "check_beacon": null,
            "computed_policy": {
              "active_nics.#": "1",
              "active_nics.0": "vmnic0",
              "allow_forged_transmits": "true",
              "allow_mac_changes": "true",
              "allow_promiscuous": "true",
              "check_beacon": "false",
              "failback": "true",
              "notify_switches": "true",
              "shaping_average_bandwidth": "0",
              "shaping_burst_size": "0",
              "shaping_enabled": "false",
              "shaping_peak_bandwidth": "0",
              "standby_nics.#": "0",
              "teaming_policy": "loadbalance_srcid"
            },
            "failback": null,
            "host_system_id": "host-25",
            "id": "tf-HostPortGroup:host-25:CDX - Tier 2 - Amsterdam",
            "key": "key-vim.host.PortGroup-CDX - Tier 2 - Amsterdam",
            "name": "CDX - Tier 2 - Amsterdam",
            "notify_switches": null,
            "ports": [],
            "shaping_average_bandwidth": 0,
            "shaping_burst_size": 0,
            "shaping_enabled": null,
            "shaping_peak_bandwidth": 0,
            "standby_nics": null,
            "teaming_policy": "",
            "virtual_switch_name": "vSwitch0",
            "vlan_id": 2914
          },
          "sensitive_attributes": [],
          "private": "bnVsbA==",
          "dependencies": [
            "module.environment.data.vsphere_datacenter.dc",
            "module.environment.data.vsphere_host.host_1"
          ]
        }
      ]
    },
    {
      "module": "module.environment",
      "mode": "managed",
      "type": "vsphere_host_port_group",
      "name": "CDX_Tier_2_Dubai_h1_pg",
      "provider": "provider[\"registry.terraform.io/hashicorp/vsphere\"]",
      "instances": [
        {
          "schema_version": 0,
          "attributes": {
            "active_nics": null,
            "allow_forged_transmits": null,
            "allow_mac_changes": null,
            "allow_promiscuous": null,
            "check_beacon": null,
            "computed_policy": {
              "active_nics.#": "1",
              "active_nics.0": "vmnic0",
              "allow_forged_transmits": "true",
              "allow_mac_changes": "true",
              "allow_promiscuous": "true",
              "check_beacon": "false",
              "failback": "true",
              "notify_switches": "true",
              "shaping_average_bandwidth": "0",
              "shaping_burst_size": "0",
              "shaping_enabled": "false",
              "shaping_peak_bandwidth": "0",
              "standby_nics.#": "0",
              "teaming_policy": "loadbalance_srcid"
            },
            "failback": null,
            "host_system_id": "host-25",
            "id": "tf-HostPortGroup:host-25:CDX - Tier 2 - Dubai",
            "key": "key-vim.host.PortGroup-CDX - Tier 2 - Dubai",
            "name": "CDX - Tier 2 - Dubai",
            "notify_switches": null,
            "ports": [],
            "shaping_average_bandwidth": 0,
            "shaping_burst_size": 0,
            "shaping_enabled": null,
            "shaping_peak_bandwidth": 0,
            "standby_nics": null,
            "teaming_policy": "",
            "virtual_switch_name": "vSwitch0",
            "vlan_id": 2909
          },
          "sensitive_attributes": [],
          "private": "bnVsbA==",
          "dependencies": [
            "module.environment.data.vsphere_datacenter.dc",
            "module.environment.data.vsphere_host.host_1"
          ]
        }
      ]
    },
    {
      "module": "module.environment",
      "mode": "managed",
      "type": "vsphere_host_port_group",
      "name": "CDX_Tier_2_Frankfurt_h1_pg",
      "provider": "provider[\"registry.terraform.io/hashicorp/vsphere\"]",
      "instances": [
        {
          "schema_version": 0,
          "attributes": {
            "active_nics": null,
            "allow_forged_transmits": null,
            "allow_mac_changes": null,
            "allow_promiscuous": null,
            "check_beacon": null,
            "computed_policy": {
              "active_nics.#": "1",
              "active_nics.0": "vmnic0",
              "allow_forged_transmits": "true",
              "allow_mac_changes": "true",
              "allow_promiscuous": "true",
              "check_beacon": "false",
              "failback": "true",
              "notify_switches": "true",
              "shaping_average_bandwidth": "0",
              "shaping_burst_size": "0",
              "shaping_enabled": "false",
              "shaping_peak_bandwidth": "0",
              "standby_nics.#": "0",
              "teaming_policy": "loadbalance_srcid"
            },
            "failback": null,
            "host_system_id": "host-25",
            "id": "tf-HostPortGroup:host-25:CDX - Tier 2 - Frankfurt",
            "key": "key-vim.host.PortGroup-CDX - Tier 2 - Frankfurt",
            "name": "CDX - Tier 2 - Frankfurt",
            "notify_switches": null,
            "ports": [],
            "shaping_average_bandwidth": 0,
            "shaping_burst_size": 0,
            "shaping_enabled": null,
            "shaping_peak_bandwidth": 0,
            "standby_nics": null,
            "teaming_policy": "",
            "virtual_switch_name": "vSwitch0",
            "vlan_id": 2912
          },
          "sensitive_attributes": [],
          "private": "bnVsbA==",
          "dependencies": [
            "module.environment.data.vsphere_datacenter.dc",
            "module.environment.data.vsphere_host.host_1"
          ]
        }
      ]
    },
    {
      "module": "module.environment",
      "mode": "managed",
      "type": "vsphere_host_port_group",
      "name": "CDX_Tier_2_London_h1_pg",
      "provider": "provider[\"registry.terraform.io/hashicorp/vsphere\"]",
      "instances": [
        {
          "schema_version": 0,
          "attributes": {
            "active_nics": null,
            "allow_forged_transmits": null,
            "allow_mac_changes": null,
            "allow_promiscuous": null,
            "check_beacon": null,
            "computed_policy": {
              "active_nics.#": "1",
              "active_nics.0": "vmnic0",
              "allow_forged_transmits": "true",
              "allow_mac_changes": "true",
              "allow_promiscuous": "true",
              "check_beacon": "false",
              "failback": "true",
              "notify_switches": "true",
              "shaping_average_bandwidth": "0",
              "shaping_burst_size": "0",
              "shaping_enabled": "false",
              "shaping_peak_bandwidth": "0",
              "standby_nics.#": "0",
              "teaming_policy": "loadbalance_srcid"
            },
            "failback": null,
            "host_system_id": "host-25",
            "id": "tf-HostPortGroup:host-25:CDX - Tier 2 - London",
            "key": "key-vim.host.PortGroup-CDX - Tier 2 - London",
            "name": "CDX - Tier 2 - London",
            "notify_switches": null,
            "ports": [],
            "shaping_average_bandwidth": 0,
            "shaping_burst_size": 0,
            "shaping_enabled": null,
            "shaping_peak_bandwidth": 0,
            "standby_nics": null,
            "teaming_policy": "",
            "virtual_switch_name": "vSwitch0",
            "vlan_id": 2913
          },
          "sensitive_attributes": [],
          "private": "bnVsbA==",
          "dependencies": [
            "module.environment.data.vsphere_datacenter.dc",
            "module.environment.data.vsphere_host.host_1"
          ]
        }
      ]
    },
    {
      "module": "module.environment",
      "mode": "managed",
      "type": "vsphere_host_port_group",
      "name": "CDX_Tier_2_Rio_de_Janerio_h1_pg",
      "provider": "provider[\"registry.terraform.io/hashicorp/vsphere\"]",
      "instances": [
        {
          "schema_version": 0,
          "attributes": {
            "active_nics": null,
            "allow_forged_transmits": null,
            "allow_mac_changes": null,
            "allow_promiscuous": null,
            "check_beacon": null,
            "computed_policy": {
              "active_nics.#": "1",
              "active_nics.0": "vmnic0",
              "allow_forged_transmits": "true",
              "allow_mac_changes": "true",
              "allow_promiscuous": "true",
              "check_beacon": "false",
              "failback": "true",
              "notify_switches": "true",
              "shaping_average_bandwidth": "0",
              "shaping_burst_size": "0",
              "shaping_enabled": "false",
              "shaping_peak_bandwidth": "0",
              "standby_nics.#": "0",
              "teaming_policy": "loadbalance_srcid"
            },
            "failback": null,
            "host_system_id": "host-25",
            "id": "tf-HostPortGroup:host-25:CDX - Tier 2 - Rio de Janeiro",
            "key": "key-vim.host.PortGroup-CDX - Tier 2 - Rio de Janeiro",
            "name": "CDX - Tier 2 - Rio de Janeiro",
            "notify_switches": null,
            "ports": [],
            "shaping_average_bandwidth": 0,
            "shaping_burst_size": 0,
            "shaping_enabled": null,
            "shaping_peak_bandwidth": 0,
            "standby_nics": null,
            "teaming_policy": "",
            "virtual_switch_name": "vSwitch0",
            "vlan_id": 2907
          },
          "sensitive_attributes": [],
          "private": "bnVsbA==",
          "dependencies": [
            "module.environment.data.vsphere_datacenter.dc",
            "module.environment.data.vsphere_host.host_1"
          ]
        }
      ]
    },
    {
      "module": "module.environment",
      "mode": "managed",
      "type": "vsphere_host_port_group",
      "name": "CDX_Tier_2_Seattle_h1_pg",
      "provider": "provider[\"registry.terraform.io/hashicorp/vsphere\"]",
      "instances": [
        {
          "schema_version": 0,
          "attributes": {
            "active_nics": null,
            "allow_forged_transmits": null,
            "allow_mac_changes": null,
            "allow_promiscuous": null,
            "check_beacon": null,
            "computed_policy": {
              "active_nics.#": "1",
              "active_nics.0": "vmnic0",
              "allow_forged_transmits": "true",
              "allow_mac_changes": "true",
              "allow_promiscuous": "true",
              "check_beacon": "false",
              "failback": "true",
              "notify_switches": "true",
              "shaping_average_bandwidth": "0",
              "shaping_burst_size": "0",
              "shaping_enabled": "false",
              "shaping_peak_bandwidth": "0",
              "standby_nics.#": "0",
              "teaming_policy": "loadbalance_srcid"
            },
            "failback": null,
            "host_system_id": "host-25",
            "id": "tf-HostPortGroup:host-25:CDX - Tier 2 - Seattle",
            "key": "key-vim.host.PortGroup-CDX - Tier 2 - Seattle",
            "name": "CDX - Tier 2 - Seattle",
            "notify_switches": null,
            "ports": [],
            "shaping_average_bandwidth": 0,
            "shaping_burst_size": 0,
            "shaping_enabled": null,
            "shaping_peak_bandwidth": 0,
            "standby_nics": null,
            "teaming_policy": "",
            "virtual_switch_name": "vSwitch0",
            "vlan_id": 2906
          },
          "sensitive_attributes": [],
          "private": "bnVsbA==",
          "dependencies": [
            "module.environment.data.vsphere_datacenter.dc",
            "module.environment.data.vsphere_host.host_1"
          ]
        }
      ]
    },
    {
      "module": "module.environment",
      "mode": "managed",
      "type": "vsphere_host_port_group",
      "name": "CDX_Tier_2_Seoul_h1_pg",
      "provider": "provider[\"registry.terraform.io/hashicorp/vsphere\"]",
      "instances": [
        {
          "schema_version": 0,
          "attributes": {
            "active_nics": null,
            "allow_forged_transmits": null,
            "allow_mac_changes": null,
            "allow_promiscuous": null,
            "check_beacon": null,
            "computed_policy": {
              "active_nics.#": "1",
              "active_nics.0": "vmnic0",
              "allow_forged_transmits": "true",
              "allow_mac_changes": "true",
              "allow_promiscuous": "true",
              "check_beacon": "false",
              "failback": "true",
              "notify_switches": "true",
              "shaping_average_bandwidth": "0",
              "shaping_burst_size": "0",
              "shaping_enabled": "false",
              "shaping_peak_bandwidth": "0",
              "standby_nics.#": "0",
              "teaming_policy": "loadbalance_srcid"
            },
            "failback": null,
            "host_system_id": "host-25",
            "id": "tf-HostPortGroup:host-25:CDX - Tier 2 - Seoul",
            "key": "key-vim.host.PortGroup-CDX - Tier 2 - Seoul",
            "name": "CDX - Tier 2 - Seoul",
            "notify_switches": null,
            "ports": [],
            "shaping_average_bandwidth": 0,
            "shaping_burst_size": 0,
            "shaping_enabled": null,
            "shaping_peak_bandwidth": 0,
            "standby_nics": null,
            "teaming_policy": "",
            "virtual_switch_name": "vSwitch0",
            "vlan_id": 2908
          },
          "sensitive_attributes": [],
          "private": "bnVsbA==",
          "dependencies": [
            "module.environment.data.vsphere_datacenter.dc",
            "module.environment.data.vsphere_host.host_1"
          ]
        }
      ]
    },
    {
      "module": "module.environment",
      "mode": "managed",
      "type": "vsphere_host_port_group",
      "name": "CDX_Tier_2_Sydney_h1_pg",
      "provider": "provider[\"registry.terraform.io/hashicorp/vsphere\"]",
      "instances": [
        {
          "schema_version": 0,
          "attributes": {
            "active_nics": null,
            "allow_forged_transmits": null,
            "allow_mac_changes": null,
            "allow_promiscuous": null,
            "check_beacon": null,
            "computed_policy": {
              "active_nics.#": "1",
              "active_nics.0": "vmnic0",
              "allow_forged_transmits": "true",
              "allow_mac_changes": "true",
              "allow_promiscuous": "true",
              "check_beacon": "false",
              "failback": "true",
              "notify_switches": "true",
              "shaping_average_bandwidth": "0",
              "shaping_burst_size": "0",
              "shaping_enabled": "false",
              "shaping_peak_bandwidth": "0",
              "standby_nics.#": "0",
              "teaming_policy": "loadbalance_srcid"
            },
            "failback": null,
            "host_system_id": "host-25",
            "id": "tf-HostPortGroup:host-25:CDX - Tier 2 - Sydney",
            "key": "key-vim.host.PortGroup-CDX - Tier 2 - Sydney",
            "name": "CDX - Tier 2 - Sydney",
            "notify_switches": null,
            "ports": [],
            "shaping_average_bandwidth": 0,
            "shaping_burst_size": 0,
            "shaping_enabled": null,
            "shaping_peak_bandwidth": 0,
            "standby_nics": null,
            "teaming_policy": "",
            "virtual_switch_name": "vSwitch0",
            "vlan_id": 2910
          },
          "sensitive_attributes": [],
          "private": "bnVsbA==",
          "dependencies": [
            "module.environment.data.vsphere_datacenter.dc",
            "module.environment.data.vsphere_host.host_1"
          ]
        }
      ]
    },
    {
      "module": "module.environment",
      "mode": "managed",
      "type": "vsphere_host_port_group",
      "name": "CDX_Tier_2_Toronto_h1_pg",
      "provider": "provider[\"registry.terraform.io/hashicorp/vsphere\"]",
      "instances": [
        {
          "schema_version": 0,
          "attributes": {
            "active_nics": null,
            "allow_forged_transmits": null,
            "allow_mac_changes": null,
            "allow_promiscuous": null,
            "check_beacon": null,
            "computed_policy": {
              "active_nics.#": "1",
              "active_nics.0": "vmnic0",
              "allow_forged_transmits": "true",
              "allow_mac_changes": "true",
              "allow_promiscuous": "true",
              "check_beacon": "false",
              "failback": "true",
              "notify_switches": "true",
              "shaping_average_bandwidth": "0",
              "shaping_burst_size": "0",
              "shaping_enabled": "false",
              "shaping_peak_bandwidth": "0",
              "standby_nics.#": "0",
              "teaming_policy": "loadbalance_srcid"
            },
            "failback": null,
            "host_system_id": "host-25",
            "id": "tf-HostPortGroup:host-25:CDX - Tier 2 - Toronto",
            "key": "key-vim.host.PortGroup-CDX - Tier 2 - Toronto",
            "name": "CDX - Tier 2 - Toronto",
            "notify_switches": null,
            "ports": [],
            "shaping_average_bandwidth": 0,
            "shaping_burst_size": 0,
            "shaping_enabled": null,
            "shaping_peak_bandwidth": 0,
            "standby_nics": null,
            "teaming_policy": "",
            "virtual_switch_name": "vSwitch0",
            "vlan_id": 2905
          },
          "sensitive_attributes": [],
          "private": "bnVsbA==",
          "dependencies": [
            "module.environment.data.vsphere_datacenter.dc",
            "module.environment.data.vsphere_host.host_1"
          ]
        }
      ]
    },
    {
      "module": "module.environment",
      "mode": "managed",
      "type": "vsphere_host_port_group",
      "name": "CDX_Tier_2_Vladivostok_h1_pg",
      "provider": "provider[\"registry.terraform.io/hashicorp/vsphere\"]",
      "instances": [
        {
          "schema_version": 0,
          "attributes": {
            "active_nics": null,
            "allow_forged_transmits": null,
            "allow_mac_changes": null,
            "allow_promiscuous": null,
            "check_beacon": null,
            "computed_policy": {
              "active_nics.#": "1",
              "active_nics.0": "vmnic0",
              "allow_forged_transmits": "true",
              "allow_mac_changes": "true",
              "allow_promiscuous": "true",
              "check_beacon": "false",
              "failback": "true",
              "notify_switches": "true",
              "shaping_average_bandwidth": "0",
              "shaping_burst_size": "0",
              "shaping_enabled": "false",
              "shaping_peak_bandwidth": "0",
              "standby_nics.#": "0",
              "teaming_policy": "loadbalance_srcid"
            },
            "failback": null,
            "host_system_id": "host-25",
            "id": "tf-HostPortGroup:host-25:CDX - Tier 2 - Vladivostok",
            "key": "key-vim.host.PortGroup-CDX - Tier 2 - Vladivostok",
            "name": "CDX - Tier 2 - Vladivostok",
            "notify_switches": null,
            "ports": [],
            "shaping_average_bandwidth": 0,
            "shaping_burst_size": 0,
            "shaping_enabled": null,
            "shaping_peak_bandwidth": 0,
            "standby_nics": null,
            "teaming_policy": "",
            "virtual_switch_name": "vSwitch0",
            "vlan_id": 2911
          },
          "sensitive_attributes": [],
          "private": "bnVsbA==",
          "dependencies": [
            "module.environment.data.vsphere_datacenter.dc",
            "module.environment.data.vsphere_host.host_1"
          ]
        }
      ]
    },
    {
      "module": "module.routers",
      "mode": "data",
      "type": "vsphere_compute_cluster",
      "name": "cluster",
      "provider": "provider[\"registry.terraform.io/hashicorp/vsphere\"]",
      "instances": [
        {
          "schema_version": 0,
          "attributes": {
            "datacenter_id": "datacenter-3",
            "id": "domain-c22",
            "name": "CDX",
            "resource_pool_id": "resgroup-23"
          },
          "sensitive_attributes": []
        }
      ]
    },
    {
      "module": "module.routers",
      "mode": "data",
      "type": "vsphere_datacenter",
      "name": "dc",
      "provider": "provider[\"registry.terraform.io/hashicorp/vsphere\"]",
      "instances": [
        {
          "schema_version": 0,
          "attributes": {
            "id": "datacenter-3",
            "name": "CDX Datacenter"
          },
          "sensitive_attributes": []
        }
      ]
    },
    {
      "module": "module.routers",
      "mode": "data",
      "type": "vsphere_datastore",
      "name": "store",
      "provider": "provider[\"registry.terraform.io/hashicorp/vsphere\"]",
      "instances": [
        {
          "schema_version": 0,
          "attributes": {
            "datacenter_id": "datacenter-3",
            "id": "datastore-29",
            "name": "Datastore_1"
          },
          "sensitive_attributes": []
        }
      ]
    },
    {
      "module": "module.routers",
      "mode": "data",
      "type": "vsphere_network",
      "name": "pg_amsterdam",
      "provider": "provider[\"registry.terraform.io/hashicorp/vsphere\"]",
      "instances": [
        {
          "schema_version": 0,
          "attributes": {
            "datacenter_id": "datacenter-3",
            "distributed_virtual_switch_uuid": null,
            "id": "network-3539",
            "name": "CDX - Tier 2 - Amsterdam",
            "type": "Network"
          },
          "sensitive_attributes": []
        }
      ]
    },
    {
      "module": "module.routers",
      "mode": "data",
      "type": "vsphere_network",
      "name": "pg_dubai",
      "provider": "provider[\"registry.terraform.io/hashicorp/vsphere\"]",
      "instances": [
        {
          "schema_version": 0,
          "attributes": {
            "datacenter_id": "datacenter-3",
            "distributed_virtual_switch_uuid": null,
            "id": "network-3538",
            "name": "CDX - Tier 2 - Dubai",
            "type": "Network"
          },
          "sensitive_attributes": []
        }
      ]
    },
    {
      "module": "module.routers",
      "mode": "data",
      "type": "vsphere_network",
      "name": "pg_frankfurt",
      "provider": "provider[\"registry.terraform.io/hashicorp/vsphere\"]",
      "instances": [
        {
          "schema_version": 0,
          "attributes": {
            "datacenter_id": "datacenter-3",
            "distributed_virtual_switch_uuid": null,
            "id": "network-3543",
            "name": "CDX - Tier 2 - Frankfurt",
            "type": "Network"
          },
          "sensitive_attributes": []
        }
      ]
    },
    {
      "module": "module.routers",
      "mode": "data",
      "type": "vsphere_network",
      "name": "pg_london",
      "provider": "provider[\"registry.terraform.io/hashicorp/vsphere\"]",
      "instances": [
        {
          "schema_version": 0,
          "attributes": {
            "datacenter_id": "datacenter-3",
            "distributed_virtual_switch_uuid": null,
            "id": "network-3535",
            "name": "CDX - Tier 2 - London",
            "type": "Network"
          },
          "sensitive_attributes": []
        }
      ]
    },
    {
      "module": "module.routers",
      "mode": "data",
      "type": "vsphere_network",
      "name": "pg_rio_de_janeiro",
      "provider": "provider[\"registry.terraform.io/hashicorp/vsphere\"]",
      "instances": [
        {
          "schema_version": 0,
          "attributes": {
            "datacenter_id": "datacenter-3",
            "distributed_virtual_switch_uuid": null,
            "id": "network-3546",
            "name": "CDX - Tier 2 - Rio de Janeiro",
            "type": "Network"
          },
          "sensitive_attributes": []
        }
      ]
    },
    {
      "module": "module.routers",
      "mode": "data",
      "type": "vsphere_network",
      "name": "pg_seattle",
      "provider": "provider[\"registry.terraform.io/hashicorp/vsphere\"]",
      "instances": [
        {
          "schema_version": 0,
          "attributes": {
            "datacenter_id": "datacenter-3",
            "distributed_virtual_switch_uuid": null,
            "id": "network-3537",
            "name": "CDX - Tier 2 - Seattle",
            "type": "Network"
          },
          "sensitive_attributes": []
        }
      ]
    },
    {
      "module": "module.routers",
      "mode": "data",
      "type": "vsphere_network",
      "name": "pg_seoul",
      "provider": "provider[\"registry.terraform.io/hashicorp/vsphere\"]",
      "instances": [
        {
          "schema_version": 0,
          "attributes": {
            "datacenter_id": "datacenter-3",
            "distributed_virtual_switch_uuid": null,
            "id": "network-3542",
            "name": "CDX - Tier 2 - Seoul",
            "type": "Network"
          },
          "sensitive_attributes": []
        }
      ]
    },
    {
      "module": "module.routers",
      "mode": "data",
      "type": "vsphere_network",
      "name": "pg_sydney",
      "provider": "provider[\"registry.terraform.io/hashicorp/vsphere\"]",
      "instances": [
        {
          "schema_version": 0,
          "attributes": {
            "datacenter_id": "datacenter-3",
            "distributed_virtual_switch_uuid": null,
            "id": "network-3548",
            "name": "CDX - Tier 2 - Sydney",
            "type": "Network"
          },
          "sensitive_attributes": []
        }
      ]
    },
    {
      "module": "module.routers",
      "mode": "data",
      "type": "vsphere_network",
      "name": "pg_tier_0",
      "provider": "provider[\"registry.terraform.io/hashicorp/vsphere\"]",
      "instances": [
        {
          "schema_version": 0,
          "attributes": {
            "datacenter_id": "datacenter-3",
            "distributed_virtual_switch_uuid": null,
            "id": "network-3545",
            "name": "CDX - Tier 0 - Internet",
            "type": "Network"
          },
          "sensitive_attributes": []
        }
      ]
    },
    {
      "module": "module.routers",
      "mode": "data",
      "type": "vsphere_network",
      "name": "pg_tier_1_am",
      "provider": "provider[\"registry.terraform.io/hashicorp/vsphere\"]",
      "instances": [
        {
          "schema_version": 0,
          "attributes": {
            "datacenter_id": "datacenter-3",
            "distributed_virtual_switch_uuid": null,
            "id": "network-3541",
            "name": "CDX - Tier 1 - Americas",
            "type": "Network"
          },
          "sensitive_attributes": []
        }
      ]
    },
    {
      "module": "module.routers",
      "mode": "data",
      "type": "vsphere_network",
      "name": "pg_tier_1_ap",
      "provider": "provider[\"registry.terraform.io/hashicorp/vsphere\"]",
      "instances": [
        {
          "schema_version": 0,
          "attributes": {
            "datacenter_id": "datacenter-3",
            "distributed_virtual_switch_uuid": null,
            "id": "network-3540",
            "name": "CDX - Tier 1 - Asia-Pacific",
            "type": "Network"
          },
          "sensitive_attributes": []
        }
      ]
    },
    {
      "module": "module.routers",
      "mode": "data",
      "type": "vsphere_network",
      "name": "pg_tier_1_ea",
      "provider": "provider[\"registry.terraform.io/hashicorp/vsphere\"]",
      "instances": [
        {
          "schema_version": 0,
          "attributes": {
            "datacenter_id": "datacenter-3",
            "distributed_virtual_switch_uuid": null,
            "id": "network-3536",
            "name": "CDX - Tier 1 - Europe-Africa",
            "type": "Network"
          },
          "sensitive_attributes": []
        }
      ]
    },
    {
      "module": "module.routers",
      "mode": "data",
      "type": "vsphere_network",
      "name": "pg_toronto",
      "provider": "provider[\"registry.terraform.io/hashicorp/vsphere\"]",
      "instances": [
        {
          "schema_version": 0,
          "attributes": {
            "datacenter_id": "datacenter-3",
            "distributed_virtual_switch_uuid": null,
            "id": "network-3544",
            "name": "CDX - Tier 2 - Toronto",
            "type": "Network"
          },
          "sensitive_attributes": []
        }
      ]
    },
    {
      "module": "module.routers",
      "mode": "data",
      "type": "vsphere_network",
      "name": "pg_vladivostok",
      "provider": "provider[\"registry.terraform.io/hashicorp/vsphere\"]",
      "instances": [
        {
          "schema_version": 0,
          "attributes": {
            "datacenter_id": "datacenter-3",
            "distributed_virtual_switch_uuid": null,
            "id": "network-3547",
            "name": "CDX - Tier 2 - Vladivostok",
            "type": "Network"
          },
          "sensitive_attributes": []
        }
      ]
    },
    {
      "module": "module.routers",
      "mode": "data",
      "type": "vsphere_virtual_machine",
      "name": "template_vyos",
      "provider": "provider[\"registry.terraform.io/hashicorp/vsphere\"]",
      "instances": [
        {
          "schema_version": 0,
          "attributes": {
            "alternate_guest_name": "",
            "annotation": "",
            "boot_delay": 0,
            "boot_retry_delay": 10000,
            "boot_retry_enabled": false,
            "change_version": "2023-10-23T19:45:19.516162Z",
            "cpu_hot_add_enabled": false,
            "cpu_hot_remove_enabled": false,
            "cpu_limit": -1,
            "cpu_performance_counters_enabled": false,
            "cpu_reservation": 0,
            "cpu_share_count": 1000,
            "cpu_share_level": "normal",
            "datacenter_id": "datacenter-3",
            "default_ip_address": null,
            "disks": [
              {
                "eagerly_scrub": false,
                "label": "Hard disk 1",
                "size": 40,
                "thin_provisioned": true,
                "unit_number": 0
              }
            ],
            "efi_secure_boot_enabled": false,
            "enable_disk_uuid": false,
            "enable_logging": true,
            "ept_rvi_mode": "automatic",
            "extra_config": {},
            "extra_config_reboot_required": true,
            "firmware": "bios",
            "guest_id": "debian12_64Guest",
            "guest_ip_addresses": [],
            "hardware_version": 20,
            "hv_mode": "hvAuto",
            "id": "421d4b07-aac3-d3cb-46a9-aa8f4ddb0a5e",
            "ide_controller_scan_count": 2,
            "latency_sensitivity": "normal",
            "memory": 1024,
            "memory_hot_add_enabled": false,
            "memory_limit": -1,
            "memory_reservation": 0,
            "memory_share_count": 10240,
            "memory_share_level": "normal",
            "moid": "vm-45",
            "name": "Base_VyOS_1.5",
            "nested_hv_enabled": false,
            "network_interface_types": [],
            "network_interfaces": [],
            "num_cores_per_socket": 1,
            "num_cpus": 1,
            "replace_trigger": null,
            "run_tools_scripts_after_power_on": true,
            "run_tools_scripts_after_resume": true,
            "run_tools_scripts_before_guest_reboot": false,
            "run_tools_scripts_before_guest_shutdown": true,
            "run_tools_scripts_before_guest_standby": true,
            "sata_controller_scan_count": 0,
            "scsi_bus_sharing": "noSharing",
            "scsi_controller_scan_count": 1,
            "scsi_type": "pvscsi",
            "storage_policy_id": null,
            "swap_placement_policy": "inherit",
            "sync_time_with_host": true,
            "sync_time_with_host_periodically": false,
            "tools_upgrade_policy": "manual",
            "uuid": "421d4b07-aac3-d3cb-46a9-aa8f4ddb0a5e",
            "vapp": null,
            "vapp_transport": [],
            "vbs_enabled": false,
            "vvtd_enabled": false
          },
          "sensitive_attributes": []
        }
      ]
    },
    {
      "module": "module.routers",
      "mode": "managed",
      "type": "vsphere_virtual_machine",
      "name": "CORE-T0-R1",
      "provider": "provider[\"registry.terraform.io/hashicorp/vsphere\"]",
      "instances": [
        {
          "schema_version": 3,
          "attributes": {
            "alternate_guest_name": "",
            "annotation": "",
            "boot_delay": 0,
            "boot_retry_delay": 10000,
            "boot_retry_enabled": false,
            "cdrom": [],
            "change_version": "2023-11-04T23:39:45.659606Z",
            "clone": [
              {
                "customize": [],
                "linked_clone": false,
                "ovf_network_map": {},
                "ovf_storage_map": {},
                "template_uuid": "421d4b07-aac3-d3cb-46a9-aa8f4ddb0a5e",
                "timeout": 30
              }
            ],
            "cpu_hot_add_enabled": false,
            "cpu_hot_remove_enabled": false,
            "cpu_limit": -1,
            "cpu_performance_counters_enabled": false,
            "cpu_reservation": 0,
            "cpu_share_count": 1000,
            "cpu_share_level": "normal",
            "custom_attributes": {},
            "datacenter_id": null,
            "datastore_cluster_id": null,
            "datastore_id": "datastore-29",
            "default_ip_address": "fe80::250:56ff:fe9d:9650",
            "disk": [
              {
                "attach": false,
                "controller_type": "scsi",
                "datastore_id": "datastore-29",
                "device_address": "scsi:0:0",
                "disk_mode": "persistent",
                "disk_sharing": "sharingNone",
                "eagerly_scrub": false,
                "io_limit": -1,
                "io_reservation": 0,
                "io_share_count": 1000,
                "io_share_level": "normal",
                "keep_on_remove": false,
                "key": 2000,
                "label": "disk0",
                "path": "CORE-T0-R1/CORE-T0-R1.vmdk",
                "size": 40,
                "storage_policy_id": "",
                "thin_provisioned": true,
                "unit_number": 0,
                "uuid": "6000C29f-a87e-7782-a2c7-ee76e1f250a6",
                "write_through": false
              }
            ],
            "efi_secure_boot_enabled": false,
            "enable_disk_uuid": false,
            "enable_logging": false,
            "ept_rvi_mode": "automatic",
            "extra_config": {},
            "extra_config_reboot_required": true,
            "firmware": "bios",
            "folder": "CDX Environment/Internet/Core Routers",
            "force_power_off": true,
            "guest_id": "debian12_64Guest",
            "guest_ip_addresses": [
              "fe80::250:56ff:fe9d:9650",
              "fe80::250:56ff:fe9d:a864",
              "fe80::250:56ff:fe9d:1465"
            ],
            "hardware_version": 20,
            "host_system_id": "host-25",
            "hv_mode": "hvAuto",
            "id": "421d5b41-946a-ae8c-f405-245105639eff",
            "ide_controller_count": 2,
            "ignored_guest_ips": null,
            "imported": null,
            "latency_sensitivity": "normal",
            "memory": 1024,
            "memory_hot_add_enabled": false,
            "memory_limit": -1,
            "memory_reservation": 0,
            "memory_share_count": 10240,
            "memory_share_level": "normal",
            "migrate_wait_timeout": 30,
            "moid": "vm-3565",
            "name": "CORE-T0-R1",
            "nested_hv_enabled": false,
            "network_interface": [
              {
                "adapter_type": "vmxnet3",
                "bandwidth_limit": -1,
                "bandwidth_reservation": 0,
                "bandwidth_share_count": 50,
                "bandwidth_share_level": "normal",
                "device_address": "pci:0:7",
                "key": 4000,
                "mac_address": "00:50:56:9d:96:50",
                "network_id": "network-3541",
                "ovf_mapping": "",
                "use_static_mac": false
              },
              {
                "adapter_type": "vmxnet3",
                "bandwidth_limit": -1,
                "bandwidth_reservation": 0,
                "bandwidth_share_count": 50,
                "bandwidth_share_level": "normal",
                "device_address": "pci:0:8",
                "key": 4001,
                "mac_address": "00:50:56:9d:a8:64",
                "network_id": "network-3545",
                "ovf_mapping": "",
                "use_static_mac": false
              },
              {
                "adapter_type": "vmxnet3",
                "bandwidth_limit": -1,
                "bandwidth_reservation": 0,
                "bandwidth_share_count": 50,
                "bandwidth_share_level": "normal",
                "device_address": "pci:0:9",
                "key": 4002,
                "mac_address": "00:50:56:9d:14:65",
                "network_id": "network-3545",
                "ovf_mapping": "",
                "use_static_mac": false
              }
            ],
            "num_cores_per_socket": 1,
            "num_cpus": 1,
            "ovf_deploy": [],
            "pci_device_id": [],
            "power_state": "on",
            "poweron_timeout": 300,
            "reboot_required": false,
            "replace_trigger": null,
            "resource_pool_id": "resgroup-23",
            "run_tools_scripts_after_power_on": true,
            "run_tools_scripts_after_resume": true,
            "run_tools_scripts_before_guest_reboot": false,
            "run_tools_scripts_before_guest_shutdown": true,
            "run_tools_scripts_before_guest_standby": true,
            "sata_controller_count": 0,
            "scsi_bus_sharing": "noSharing",
            "scsi_controller_count": 1,
            "scsi_type": "pvscsi",
            "shutdown_wait_timeout": 3,
            "storage_policy_id": "",
            "swap_placement_policy": "inherit",
            "sync_time_with_host": true,
            "sync_time_with_host_periodically": false,
            "tags": [],
            "tools_upgrade_policy": "manual",
            "uuid": "421d5b41-946a-ae8c-f405-245105639eff",
            "vapp": [],
            "vapp_transport": [],
            "vbs_enabled": false,
            "vmware_tools_status": "guestToolsRunning",
            "vmx_path": "CORE-T0-R1/CORE-T0-R1.vmx",
            "vvtd_enabled": false,
            "wait_for_guest_ip_timeout": 0,
            "wait_for_guest_net_routable": true,
            "wait_for_guest_net_timeout": 0
          },
          "sensitive_attributes": [],
          "private": "eyJzY2hlbWFfdmVyc2lvbiI6IjMifQ==",
          "dependencies": [
            "module.routers.data.vsphere_compute_cluster.cluster",
            "module.routers.data.vsphere_datacenter.dc",
            "module.routers.data.vsphere_datastore.store",
            "module.routers.data.vsphere_network.pg_tier_0",
            "module.routers.data.vsphere_network.pg_tier_1_am",
            "module.routers.data.vsphere_virtual_machine.template_vyos"
          ]
        }
      ]
    },
    {
      "module": "module.routers",
      "mode": "managed",
      "type": "vsphere_virtual_machine",
      "name": "CORE-T0-R2",
      "provider": "provider[\"registry.terraform.io/hashicorp/vsphere\"]",
      "instances": [
        {
          "schema_version": 3,
          "attributes": {
            "alternate_guest_name": "",
            "annotation": "",
            "boot_delay": 0,
            "boot_retry_delay": 10000,
            "boot_retry_enabled": false,
            "cdrom": [],
            "change_version": "2023-11-04T23:39:31.355057Z",
            "clone": [
              {
                "customize": [],
                "linked_clone": false,
                "ovf_network_map": {},
                "ovf_storage_map": {},
                "template_uuid": "421d4b07-aac3-d3cb-46a9-aa8f4ddb0a5e",
                "timeout": 30
              }
            ],
            "cpu_hot_add_enabled": false,
            "cpu_hot_remove_enabled": false,
            "cpu_limit": -1,
            "cpu_performance_counters_enabled": false,
            "cpu_reservation": 0,
            "cpu_share_count": 1000,
            "cpu_share_level": "normal",
            "custom_attributes": {},
            "datacenter_id": null,
            "datastore_cluster_id": null,
            "datastore_id": "datastore-29",
            "default_ip_address": "fe80::250:56ff:fe9d:d70d",
            "disk": [
              {
                "attach": false,
                "controller_type": "scsi",
                "datastore_id": "datastore-29",
                "device_address": "scsi:0:0",
                "disk_mode": "persistent",
                "disk_sharing": "sharingNone",
                "eagerly_scrub": false,
                "io_limit": -1,
                "io_reservation": 0,
                "io_share_count": 1000,
                "io_share_level": "normal",
                "keep_on_remove": false,
                "key": 2000,
                "label": "disk0",
                "path": "CORE-T0-R2/CORE-T0-R2.vmdk",
                "size": 40,
                "storage_policy_id": "",
                "thin_provisioned": true,
                "unit_number": 0,
                "uuid": "6000C295-c902-1f8e-bd8d-3f43f4b10b8f",
                "write_through": false
              }
            ],
            "efi_secure_boot_enabled": false,
            "enable_disk_uuid": false,
            "enable_logging": false,
            "ept_rvi_mode": "automatic",
            "extra_config": {},
            "extra_config_reboot_required": true,
            "firmware": "bios",
            "folder": "CDX Environment/Internet/Core Routers",
            "force_power_off": true,
            "guest_id": "debian12_64Guest",
            "guest_ip_addresses": [
              "fe80::250:56ff:fe9d:d70d",
              "fe80::250:56ff:fe9d:82d1",
              "fe80::250:56ff:fe9d:73ff"
            ],
            "hardware_version": 20,
            "host_system_id": "host-25",
            "hv_mode": "hvAuto",
            "id": "421df727-06b9-0783-3454-e731f1764da2",
            "ide_controller_count": 2,
            "ignored_guest_ips": null,
            "imported": null,
            "latency_sensitivity": "normal",
            "memory": 1024,
            "memory_hot_add_enabled": false,
            "memory_limit": -1,
            "memory_reservation": 0,
            "memory_share_count": 10240,
            "memory_share_level": "normal",
            "migrate_wait_timeout": 30,
            "moid": "vm-3555",
            "name": "CORE-T0-R2",
            "nested_hv_enabled": false,
            "network_interface": [
              {
                "adapter_type": "vmxnet3",
                "bandwidth_limit": -1,
                "bandwidth_reservation": 0,
                "bandwidth_share_count": 50,
                "bandwidth_share_level": "normal",
                "device_address": "pci:0:7",
                "key": 4000,
                "mac_address": "00:50:56:9d:d7:0d",
                "network_id": "network-3536",
                "ovf_mapping": "",
                "use_static_mac": false
              },
              {
                "adapter_type": "vmxnet3",
                "bandwidth_limit": -1,
                "bandwidth_reservation": 0,
                "bandwidth_share_count": 50,
                "bandwidth_share_level": "normal",
                "device_address": "pci:0:8",
                "key": 4001,
                "mac_address": "00:50:56:9d:82:d1",
                "network_id": "network-3545",
                "ovf_mapping": "",
                "use_static_mac": false
              },
              {
                "adapter_type": "vmxnet3",
                "bandwidth_limit": -1,
                "bandwidth_reservation": 0,
                "bandwidth_share_count": 50,
                "bandwidth_share_level": "normal",
                "device_address": "pci:0:9",
                "key": 4002,
                "mac_address": "00:50:56:9d:73:ff",
                "network_id": "network-3545",
                "ovf_mapping": "",
                "use_static_mac": false
              }
            ],
            "num_cores_per_socket": 1,
            "num_cpus": 1,
            "ovf_deploy": [],
            "pci_device_id": [],
            "power_state": "on",
            "poweron_timeout": 300,
            "reboot_required": false,
            "replace_trigger": null,
            "resource_pool_id": "resgroup-23",
            "run_tools_scripts_after_power_on": true,
            "run_tools_scripts_after_resume": true,
            "run_tools_scripts_before_guest_reboot": false,
            "run_tools_scripts_before_guest_shutdown": true,
            "run_tools_scripts_before_guest_standby": true,
            "sata_controller_count": 0,
            "scsi_bus_sharing": "noSharing",
            "scsi_controller_count": 1,
            "scsi_type": "pvscsi",
            "shutdown_wait_timeout": 3,
            "storage_policy_id": "",
            "swap_placement_policy": "inherit",
            "sync_time_with_host": true,
            "sync_time_with_host_periodically": false,
            "tags": [],
            "tools_upgrade_policy": "manual",
            "uuid": "421df727-06b9-0783-3454-e731f1764da2",
            "vapp": [],
            "vapp_transport": [],
            "vbs_enabled": false,
            "vmware_tools_status": "guestToolsRunning",
            "vmx_path": "CORE-T0-R2/CORE-T0-R2.vmx",
            "vvtd_enabled": false,
            "wait_for_guest_ip_timeout": 0,
            "wait_for_guest_net_routable": true,
            "wait_for_guest_net_timeout": 0
          },
          "sensitive_attributes": [],
          "private": "eyJzY2hlbWFfdmVyc2lvbiI6IjMifQ==",
          "dependencies": [
            "module.routers.data.vsphere_compute_cluster.cluster",
            "module.routers.data.vsphere_datacenter.dc",
            "module.routers.data.vsphere_datastore.store",
            "module.routers.data.vsphere_network.pg_tier_0",
            "module.routers.data.vsphere_network.pg_tier_1_ea",
            "module.routers.data.vsphere_virtual_machine.template_vyos"
          ]
        }
      ]
    },
    {
      "module": "module.routers",
      "mode": "managed",
      "type": "vsphere_virtual_machine",
      "name": "CORE-T0-R3",
      "provider": "provider[\"registry.terraform.io/hashicorp/vsphere\"]",
      "instances": [
        {
          "schema_version": 3,
          "attributes": {
            "alternate_guest_name": "",
            "annotation": "",
            "boot_delay": 0,
            "boot_retry_delay": 10000,
            "boot_retry_enabled": false,
            "cdrom": [],
            "change_version": "2023-11-04T23:39:31.181838Z",
            "clone": [
              {
                "customize": [],
                "linked_clone": false,
                "ovf_network_map": {},
                "ovf_storage_map": {},
                "template_uuid": "421d4b07-aac3-d3cb-46a9-aa8f4ddb0a5e",
                "timeout": 30
              }
            ],
            "cpu_hot_add_enabled": false,
            "cpu_hot_remove_enabled": false,
            "cpu_limit": -1,
            "cpu_performance_counters_enabled": false,
            "cpu_reservation": 0,
            "cpu_share_count": 1000,
            "cpu_share_level": "normal",
            "custom_attributes": {},
            "datacenter_id": null,
            "datastore_cluster_id": null,
            "datastore_id": "datastore-29",
            "default_ip_address": "fe80::250:56ff:fe9d:6c60",
            "disk": [
              {
                "attach": false,
                "controller_type": "scsi",
                "datastore_id": "datastore-29",
                "device_address": "scsi:0:0",
                "disk_mode": "persistent",
                "disk_sharing": "sharingNone",
                "eagerly_scrub": false,
                "io_limit": -1,
                "io_reservation": 0,
                "io_share_count": 1000,
                "io_share_level": "normal",
                "keep_on_remove": false,
                "key": 2000,
                "label": "disk0",
                "path": "CORE-T0-R3/CORE-T0-R3.vmdk",
                "size": 40,
                "storage_policy_id": "",
                "thin_provisioned": true,
                "unit_number": 0,
                "uuid": "6000C290-d5a6-135d-95f8-51be5c7798c1",
                "write_through": false
              }
            ],
            "efi_secure_boot_enabled": false,
            "enable_disk_uuid": false,
            "enable_logging": false,
            "ept_rvi_mode": "automatic",
            "extra_config": {},
            "extra_config_reboot_required": true,
            "firmware": "bios",
            "folder": "CDX Environment/Internet/Core Routers",
            "force_power_off": true,
            "guest_id": "debian12_64Guest",
            "guest_ip_addresses": [
              "fe80::250:56ff:fe9d:6c60",
              "fe80::250:56ff:fe9d:3277",
              "fe80::250:56ff:fe9d:62f2"
            ],
            "hardware_version": 20,
            "host_system_id": "host-25",
            "hv_mode": "hvAuto",
            "id": "421dc1b8-2811-c0cb-cc15-b8fcf7b571b8",
            "ide_controller_count": 2,
            "ignored_guest_ips": null,
            "imported": null,
            "latency_sensitivity": "normal",
            "memory": 1024,
            "memory_hot_add_enabled": false,
            "memory_limit": -1,
            "memory_reservation": 0,
            "memory_share_count": 10240,
            "memory_share_level": "normal",
            "migrate_wait_timeout": 30,
            "moid": "vm-3553",
            "name": "CORE-T0-R3",
            "nested_hv_enabled": false,
            "network_interface": [
              {
                "adapter_type": "vmxnet3",
                "bandwidth_limit": -1,
                "bandwidth_reservation": 0,
                "bandwidth_share_count": 50,
                "bandwidth_share_level": "normal",
                "device_address": "pci:0:7",
                "key": 4000,
                "mac_address": "00:50:56:9d:6c:60",
                "network_id": "network-3540",
                "ovf_mapping": "",
                "use_static_mac": false
              },
              {
                "adapter_type": "vmxnet3",
                "bandwidth_limit": -1,
                "bandwidth_reservation": 0,
                "bandwidth_share_count": 50,
                "bandwidth_share_level": "normal",
                "device_address": "pci:0:8",
                "key": 4001,
                "mac_address": "00:50:56:9d:32:77",
                "network_id": "network-3545",
                "ovf_mapping": "",
                "use_static_mac": false
              },
              {
                "adapter_type": "vmxnet3",
                "bandwidth_limit": -1,
                "bandwidth_reservation": 0,
                "bandwidth_share_count": 50,
                "bandwidth_share_level": "normal",
                "device_address": "pci:0:9",
                "key": 4002,
                "mac_address": "00:50:56:9d:62:f2",
                "network_id": "network-3545",
                "ovf_mapping": "",
                "use_static_mac": false
              }
            ],
            "num_cores_per_socket": 1,
            "num_cpus": 1,
            "ovf_deploy": [],
            "pci_device_id": [],
            "power_state": "on",
            "poweron_timeout": 300,
            "reboot_required": false,
            "replace_trigger": null,
            "resource_pool_id": "resgroup-23",
            "run_tools_scripts_after_power_on": true,
            "run_tools_scripts_after_resume": true,
            "run_tools_scripts_before_guest_reboot": false,
            "run_tools_scripts_before_guest_shutdown": true,
            "run_tools_scripts_before_guest_standby": true,
            "sata_controller_count": 0,
            "scsi_bus_sharing": "noSharing",
            "scsi_controller_count": 1,
            "scsi_type": "pvscsi",
            "shutdown_wait_timeout": 3,
            "storage_policy_id": "",
            "swap_placement_policy": "inherit",
            "sync_time_with_host": true,
            "sync_time_with_host_periodically": false,
            "tags": [],
            "tools_upgrade_policy": "manual",
            "uuid": "421dc1b8-2811-c0cb-cc15-b8fcf7b571b8",
            "vapp": [],
            "vapp_transport": [],
            "vbs_enabled": false,
            "vmware_tools_status": "guestToolsRunning",
            "vmx_path": "CORE-T0-R3/CORE-T0-R3.vmx",
            "vvtd_enabled": false,
            "wait_for_guest_ip_timeout": 0,
            "wait_for_guest_net_routable": true,
            "wait_for_guest_net_timeout": 0
          },
          "sensitive_attributes": [],
          "private": "eyJzY2hlbWFfdmVyc2lvbiI6IjMifQ==",
          "dependencies": [
            "module.routers.data.vsphere_compute_cluster.cluster",
            "module.routers.data.vsphere_datacenter.dc",
            "module.routers.data.vsphere_datastore.store",
            "module.routers.data.vsphere_network.pg_tier_0",
            "module.routers.data.vsphere_network.pg_tier_1_ap",
            "module.routers.data.vsphere_virtual_machine.template_vyos"
          ]
        }
      ]
    },
    {
      "module": "module.routers",
      "mode": "managed",
      "type": "vsphere_virtual_machine",
      "name": "IXP-EQIX-10",
      "provider": "provider[\"registry.terraform.io/hashicorp/vsphere\"]",
      "instances": [
        {
          "schema_version": 3,
          "attributes": {
            "alternate_guest_name": "",
            "annotation": "",
            "boot_delay": 0,
            "boot_retry_delay": 10000,
            "boot_retry_enabled": false,
            "cdrom": [],
            "change_version": "2023-11-04T23:39:39.230978Z",
            "clone": [
              {
                "customize": [],
                "linked_clone": false,
                "ovf_network_map": {},
                "ovf_storage_map": {},
                "template_uuid": "421d4b07-aac3-d3cb-46a9-aa8f4ddb0a5e",
                "timeout": 30
              }
            ],
            "cpu_hot_add_enabled": false,
            "cpu_hot_remove_enabled": false,
            "cpu_limit": -1,
            "cpu_performance_counters_enabled": false,
            "cpu_reservation": 0,
            "cpu_share_count": 1000,
            "cpu_share_level": "normal",
            "custom_attributes": {},
            "datacenter_id": null,
            "datastore_cluster_id": null,
            "datastore_id": "datastore-29",
            "default_ip_address": "fe80::250:56ff:fe9d:bf50",
            "disk": [
              {
                "attach": false,
                "controller_type": "scsi",
                "datastore_id": "datastore-29",
                "device_address": "scsi:0:0",
                "disk_mode": "persistent",
                "disk_sharing": "sharingNone",
                "eagerly_scrub": false,
                "io_limit": -1,
                "io_reservation": 0,
                "io_share_count": 1000,
                "io_share_level": "normal",
                "keep_on_remove": false,
                "key": 2000,
                "label": "disk0",
                "path": "IXP-EQIX-10/IXP-EQIX-10.vmdk",
                "size": 40,
                "storage_policy_id": "",
                "thin_provisioned": true,
                "unit_number": 0,
                "uuid": "6000C293-2107-c319-508d-c8d014065457",
                "write_through": false
              }
            ],
            "efi_secure_boot_enabled": false,
            "enable_disk_uuid": false,
            "enable_logging": false,
            "ept_rvi_mode": "automatic",
            "extra_config": {},
            "extra_config_reboot_required": true,
            "firmware": "bios",
            "folder": "CDX Environment/Internet/Tier 1 Routers",
            "force_power_off": true,
            "guest_id": "debian12_64Guest",
            "guest_ip_addresses": [
              "fe80::250:56ff:fe9d:bf50",
              "fe80::250:56ff:fe9d:9622"
            ],
            "hardware_version": 20,
            "host_system_id": "host-25",
            "hv_mode": "hvAuto",
            "id": "421d7c13-81ca-eb51-5460-0475bce204d0",
            "ide_controller_count": 2,
            "ignored_guest_ips": null,
            "imported": null,
            "latency_sensitivity": "normal",
            "memory": 1024,
            "memory_hot_add_enabled": false,
            "memory_limit": -1,
            "memory_reservation": 0,
            "memory_share_count": 10240,
            "memory_share_level": "normal",
            "migrate_wait_timeout": 30,
            "moid": "vm-3562",
            "name": "IXP-EQIX-10",
            "nested_hv_enabled": false,
            "network_interface": [
              {
                "adapter_type": "vmxnet3",
                "bandwidth_limit": -1,
                "bandwidth_reservation": 0,
                "bandwidth_share_count": 50,
                "bandwidth_share_level": "normal",
                "device_address": "pci:0:7",
                "key": 4000,
                "mac_address": "00:50:56:9d:bf:50",
                "network_id": "network-3542",
                "ovf_mapping": "",
                "use_static_mac": false
              },
              {
                "adapter_type": "vmxnet3",
                "bandwidth_limit": -1,
                "bandwidth_reservation": 0,
                "bandwidth_share_count": 50,
                "bandwidth_share_level": "normal",
                "device_address": "pci:0:8",
                "key": 4001,
                "mac_address": "00:50:56:9d:96:22",
                "network_id": "network-3540",
                "ovf_mapping": "",
                "use_static_mac": false
              }
            ],
            "num_cores_per_socket": 1,
            "num_cpus": 1,
            "ovf_deploy": [],
            "pci_device_id": [],
            "power_state": "on",
            "poweron_timeout": 300,
            "reboot_required": false,
            "replace_trigger": null,
            "resource_pool_id": "resgroup-23",
            "run_tools_scripts_after_power_on": true,
            "run_tools_scripts_after_resume": true,
            "run_tools_scripts_before_guest_reboot": false,
            "run_tools_scripts_before_guest_shutdown": true,
            "run_tools_scripts_before_guest_standby": true,
            "sata_controller_count": 0,
            "scsi_bus_sharing": "noSharing",
            "scsi_controller_count": 1,
            "scsi_type": "pvscsi",
            "shutdown_wait_timeout": 3,
            "storage_policy_id": "",
            "swap_placement_policy": "inherit",
            "sync_time_with_host": true,
            "sync_time_with_host_periodically": false,
            "tags": [],
            "tools_upgrade_policy": "manual",
            "uuid": "421d7c13-81ca-eb51-5460-0475bce204d0",
            "vapp": [],
            "vapp_transport": [],
            "vbs_enabled": false,
            "vmware_tools_status": "guestToolsRunning",
            "vmx_path": "IXP-EQIX-10/IXP-EQIX-10.vmx",
            "vvtd_enabled": false,
            "wait_for_guest_ip_timeout": 0,
            "wait_for_guest_net_routable": true,
            "wait_for_guest_net_timeout": 0
          },
          "sensitive_attributes": [],
          "private": "eyJzY2hlbWFfdmVyc2lvbiI6IjMifQ==",
          "dependencies": [
            "module.routers.data.vsphere_compute_cluster.cluster",
            "module.routers.data.vsphere_datacenter.dc",
            "module.routers.data.vsphere_datastore.store",
            "module.routers.data.vsphere_network.pg_seoul",
            "module.routers.data.vsphere_network.pg_tier_1_ap",
            "module.routers.data.vsphere_virtual_machine.template_vyos"
          ]
        }
      ]
    },
    {
      "module": "module.routers",
      "mode": "managed",
      "type": "vsphere_virtual_machine",
      "name": "IXP-EQIX-11",
      "provider": "provider[\"registry.terraform.io/hashicorp/vsphere\"]",
      "instances": [
        {
          "schema_version": 3,
          "attributes": {
            "alternate_guest_name": "",
            "annotation": "",
            "boot_delay": 0,
            "boot_retry_delay": 10000,
            "boot_retry_enabled": false,
            "cdrom": [],
            "change_version": "2023-11-04T23:39:40.331113Z",
            "clone": [
              {
                "customize": [],
                "linked_clone": false,
                "ovf_network_map": {},
                "ovf_storage_map": {},
                "template_uuid": "421d4b07-aac3-d3cb-46a9-aa8f4ddb0a5e",
                "timeout": 30
              }
            ],
            "cpu_hot_add_enabled": false,
            "cpu_hot_remove_enabled": false,
            "cpu_limit": -1,
            "cpu_performance_counters_enabled": false,
            "cpu_reservation": 0,
            "cpu_share_count": 1000,
            "cpu_share_level": "normal",
            "custom_attributes": {},
            "datacenter_id": null,
            "datastore_cluster_id": null,
            "datastore_id": "datastore-29",
            "default_ip_address": "fe80::250:56ff:fe9d:bc04",
            "disk": [
              {
                "attach": false,
                "controller_type": "scsi",
                "datastore_id": "datastore-29",
                "device_address": "scsi:0:0",
                "disk_mode": "persistent",
                "disk_sharing": "sharingNone",
                "eagerly_scrub": false,
                "io_limit": -1,
                "io_reservation": 0,
                "io_share_count": 1000,
                "io_share_level": "normal",
                "keep_on_remove": false,
                "key": 2000,
                "label": "disk0",
                "path": "IXP-EQIX-11/IXP-EQIX-11.vmdk",
                "size": 40,
                "storage_policy_id": "",
                "thin_provisioned": true,
                "unit_number": 0,
                "uuid": "6000C294-0502-be7d-099e-54fb5e59b1af",
                "write_through": false
              }
            ],
            "efi_secure_boot_enabled": false,
            "enable_disk_uuid": false,
            "enable_logging": false,
            "ept_rvi_mode": "automatic",
            "extra_config": {},
            "extra_config_reboot_required": true,
            "firmware": "bios",
            "folder": "CDX Environment/Internet/Tier 1 Routers",
            "force_power_off": true,
            "guest_id": "debian12_64Guest",
            "guest_ip_addresses": [
              "fe80::250:56ff:fe9d:bc04",
              "fe80::250:56ff:fe9d:4202"
            ],
            "hardware_version": 20,
            "host_system_id": "host-25",
            "hv_mode": "hvAuto",
            "id": "421dbc84-960b-406a-d4c6-9d870378c16c",
            "ide_controller_count": 2,
            "ignored_guest_ips": null,
            "imported": null,
            "latency_sensitivity": "normal",
            "memory": 1024,
            "memory_hot_add_enabled": false,
            "memory_limit": -1,
            "memory_reservation": 0,
            "memory_share_count": 10240,
            "memory_share_level": "normal",
            "migrate_wait_timeout": 30,
            "moid": "vm-3561",
            "name": "IXP-EQIX-11",
            "nested_hv_enabled": false,
            "network_interface": [
              {
                "adapter_type": "vmxnet3",
                "bandwidth_limit": -1,
                "bandwidth_reservation": 0,
                "bandwidth_share_count": 50,
                "bandwidth_share_level": "normal",
                "device_address": "pci:0:7",
                "key": 4000,
                "mac_address": "00:50:56:9d:bc:04",
                "network_id": "network-3535",
                "ovf_mapping": "",
                "use_static_mac": false
              },
              {
                "adapter_type": "vmxnet3",
                "bandwidth_limit": -1,
                "bandwidth_reservation": 0,
                "bandwidth_share_count": 50,
                "bandwidth_share_level": "normal",
                "device_address": "pci:0:8",
                "key": 4001,
                "mac_address": "00:50:56:9d:42:02",
                "network_id": "network-3536",
                "ovf_mapping": "",
                "use_static_mac": false
              }
            ],
            "num_cores_per_socket": 1,
            "num_cpus": 1,
            "ovf_deploy": [],
            "pci_device_id": [],
            "power_state": "on",
            "poweron_timeout": 300,
            "reboot_required": false,
            "replace_trigger": null,
            "resource_pool_id": "resgroup-23",
            "run_tools_scripts_after_power_on": true,
            "run_tools_scripts_after_resume": true,
            "run_tools_scripts_before_guest_reboot": false,
            "run_tools_scripts_before_guest_shutdown": true,
            "run_tools_scripts_before_guest_standby": true,
            "sata_controller_count": 0,
            "scsi_bus_sharing": "noSharing",
            "scsi_controller_count": 1,
            "scsi_type": "pvscsi",
            "shutdown_wait_timeout": 3,
            "storage_policy_id": "",
            "swap_placement_policy": "inherit",
            "sync_time_with_host": true,
            "sync_time_with_host_periodically": false,
            "tags": [],
            "tools_upgrade_policy": "manual",
            "uuid": "421dbc84-960b-406a-d4c6-9d870378c16c",
            "vapp": [],
            "vapp_transport": [],
            "vbs_enabled": false,
            "vmware_tools_status": "guestToolsRunning",
            "vmx_path": "IXP-EQIX-11/IXP-EQIX-11.vmx",
            "vvtd_enabled": false,
            "wait_for_guest_ip_timeout": 0,
            "wait_for_guest_net_routable": true,
            "wait_for_guest_net_timeout": 0
          },
          "sensitive_attributes": [],
          "private": "eyJzY2hlbWFfdmVyc2lvbiI6IjMifQ==",
          "dependencies": [
            "module.routers.data.vsphere_compute_cluster.cluster",
            "module.routers.data.vsphere_datacenter.dc",
            "module.routers.data.vsphere_datastore.store",
            "module.routers.data.vsphere_network.pg_london",
            "module.routers.data.vsphere_network.pg_tier_1_ea",
            "module.routers.data.vsphere_virtual_machine.template_vyos"
          ]
        }
      ]
    },
    {
      "module": "module.routers",
      "mode": "managed",
      "type": "vsphere_virtual_machine",
      "name": "IXP-EQIX-2",
      "provider": "provider[\"registry.terraform.io/hashicorp/vsphere\"]",
      "instances": [
        {
          "schema_version": 3,
          "attributes": {
            "alternate_guest_name": "",
            "annotation": "",
            "boot_delay": 0,
            "boot_retry_delay": 10000,
            "boot_retry_enabled": false,
            "cdrom": [],
            "change_version": "2023-11-04T23:39:31.54891Z",
            "clone": [
              {
                "customize": [],
                "linked_clone": false,
                "ovf_network_map": {},
                "ovf_storage_map": {},
                "template_uuid": "421d4b07-aac3-d3cb-46a9-aa8f4ddb0a5e",
                "timeout": 30
              }
            ],
            "cpu_hot_add_enabled": false,
            "cpu_hot_remove_enabled": false,
            "cpu_limit": -1,
            "cpu_performance_counters_enabled": false,
            "cpu_reservation": 0,
            "cpu_share_count": 1000,
            "cpu_share_level": "normal",
            "custom_attributes": {},
            "datacenter_id": null,
            "datastore_cluster_id": null,
            "datastore_id": "datastore-29",
            "default_ip_address": "fe80::250:56ff:fe9d:120f",
            "disk": [
              {
                "attach": false,
                "controller_type": "scsi",
                "datastore_id": "datastore-29",
                "device_address": "scsi:0:0",
                "disk_mode": "persistent",
                "disk_sharing": "sharingNone",
                "eagerly_scrub": false,
                "io_limit": -1,
                "io_reservation": 0,
                "io_share_count": 1000,
                "io_share_level": "normal",
                "keep_on_remove": false,
                "key": 2000,
                "label": "disk0",
                "path": "IXP-EQIX-2/IXP-EQIX-2.vmdk",
                "size": 40,
                "storage_policy_id": "",
                "thin_provisioned": true,
                "unit_number": 0,
                "uuid": "6000C298-96fd-bd0e-b89d-db6be80a937c",
                "write_through": false
              }
            ],
            "efi_secure_boot_enabled": false,
            "enable_disk_uuid": false,
            "enable_logging": false,
            "ept_rvi_mode": "automatic",
            "extra_config": {},
            "extra_config_reboot_required": true,
            "firmware": "bios",
            "folder": "CDX Environment/Internet/Tier 1 Routers",
            "force_power_off": true,
            "guest_id": "debian12_64Guest",
            "guest_ip_addresses": [
              "fe80::250:56ff:fe9d:120f",
              "fe80::250:56ff:fe9d:a77d"
            ],
            "hardware_version": 20,
            "host_system_id": "host-25",
            "hv_mode": "hvAuto",
            "id": "421d75f8-6ae1-bb49-e5b7-6cb1e5c23d59",
            "ide_controller_count": 2,
            "ignored_guest_ips": null,
            "imported": null,
            "latency_sensitivity": "normal",
            "memory": 1024,
            "memory_hot_add_enabled": false,
            "memory_limit": -1,
            "memory_reservation": 0,
            "memory_share_count": 10240,
            "memory_share_level": "normal",
            "migrate_wait_timeout": 30,
            "moid": "vm-3558",
            "name": "IXP-EQIX-2",
            "nested_hv_enabled": false,
            "network_interface": [
              {
                "adapter_type": "vmxnet3",
                "bandwidth_limit": -1,
                "bandwidth_reservation": 0,
                "bandwidth_share_count": 50,
                "bandwidth_share_level": "normal",
                "device_address": "pci:0:7",
                "key": 4000,
                "mac_address": "00:50:56:9d:12:0f",
                "network_id": "network-3539",
                "ovf_mapping": "",
                "use_static_mac": false
              },
              {
                "adapter_type": "vmxnet3",
                "bandwidth_limit": -1,
                "bandwidth_reservation": 0,
                "bandwidth_share_count": 50,
                "bandwidth_share_level": "normal",
                "device_address": "pci:0:8",
                "key": 4001,
                "mac_address": "00:50:56:9d:a7:7d",
                "network_id": "network-3536",
                "ovf_mapping": "",
                "use_static_mac": false
              }
            ],
            "num_cores_per_socket": 1,
            "num_cpus": 1,
            "ovf_deploy": [],
            "pci_device_id": [],
            "power_state": "on",
            "poweron_timeout": 300,
            "reboot_required": false,
            "replace_trigger": null,
            "resource_pool_id": "resgroup-23",
            "run_tools_scripts_after_power_on": true,
            "run_tools_scripts_after_resume": true,
            "run_tools_scripts_before_guest_reboot": false,
            "run_tools_scripts_before_guest_shutdown": true,
            "run_tools_scripts_before_guest_standby": true,
            "sata_controller_count": 0,
            "scsi_bus_sharing": "noSharing",
            "scsi_controller_count": 1,
            "scsi_type": "pvscsi",
            "shutdown_wait_timeout": 3,
            "storage_policy_id": "",
            "swap_placement_policy": "inherit",
            "sync_time_with_host": true,
            "sync_time_with_host_periodically": false,
            "tags": [],
            "tools_upgrade_policy": "manual",
            "uuid": "421d75f8-6ae1-bb49-e5b7-6cb1e5c23d59",
            "vapp": [],
            "vapp_transport": [],
            "vbs_enabled": false,
            "vmware_tools_status": "guestToolsRunning",
            "vmx_path": "IXP-EQIX-2/IXP-EQIX-2.vmx",
            "vvtd_enabled": false,
            "wait_for_guest_ip_timeout": 0,
            "wait_for_guest_net_routable": true,
            "wait_for_guest_net_timeout": 0
          },
          "sensitive_attributes": [],
          "private": "eyJzY2hlbWFfdmVyc2lvbiI6IjMifQ==",
          "dependencies": [
            "module.routers.data.vsphere_compute_cluster.cluster",
            "module.routers.data.vsphere_datacenter.dc",
            "module.routers.data.vsphere_datastore.store",
            "module.routers.data.vsphere_network.pg_amsterdam",
            "module.routers.data.vsphere_network.pg_tier_1_ea",
            "module.routers.data.vsphere_virtual_machine.template_vyos"
          ]
        }
      ]
    },
    {
      "module": "module.routers",
      "mode": "managed",
      "type": "vsphere_virtual_machine",
      "name": "IXP-EQIX-3",
      "provider": "provider[\"registry.terraform.io/hashicorp/vsphere\"]",
      "instances": [
        {
          "schema_version": 3,
          "attributes": {
            "alternate_guest_name": "",
            "annotation": "",
            "boot_delay": 0,
            "boot_retry_delay": 10000,
            "boot_retry_enabled": false,
            "cdrom": [],
            "change_version": "2023-11-04T23:39:31.54384Z",
            "clone": [
              {
                "customize": [],
                "linked_clone": false,
                "ovf_network_map": {},
                "ovf_storage_map": {},
                "template_uuid": "421d4b07-aac3-d3cb-46a9-aa8f4ddb0a5e",
                "timeout": 30
              }
            ],
            "cpu_hot_add_enabled": false,
            "cpu_hot_remove_enabled": false,
            "cpu_limit": -1,
            "cpu_performance_counters_enabled": false,
            "cpu_reservation": 0,
            "cpu_share_count": 1000,
            "cpu_share_level": "normal",
            "custom_attributes": {},
            "datacenter_id": null,
            "datastore_cluster_id": null,
            "datastore_id": "datastore-29",
            "default_ip_address": "fe80::250:56ff:fe9d:11c5",
            "disk": [
              {
                "attach": false,
                "controller_type": "scsi",
                "datastore_id": "datastore-29",
                "device_address": "scsi:0:0",
                "disk_mode": "persistent",
                "disk_sharing": "sharingNone",
                "eagerly_scrub": false,
                "io_limit": -1,
                "io_reservation": 0,
                "io_share_count": 1000,
                "io_share_level": "normal",
                "keep_on_remove": false,
                "key": 2000,
                "label": "disk0",
                "path": "IXP-EQIX-3/IXP-EQIX-3.vmdk",
                "size": 40,
                "storage_policy_id": "",
                "thin_provisioned": true,
                "unit_number": 0,
                "uuid": "6000C293-7867-67bf-50f7-b268d8c658ae",
                "write_through": false
              }
            ],
            "efi_secure_boot_enabled": false,
            "enable_disk_uuid": false,
            "enable_logging": false,
            "ept_rvi_mode": "automatic",
            "extra_config": {},
            "extra_config_reboot_required": true,
            "firmware": "bios",
            "folder": "CDX Environment/Internet/Tier 1 Routers",
            "force_power_off": true,
            "guest_id": "debian12_64Guest",
            "guest_ip_addresses": [
              "fe80::250:56ff:fe9d:11c5",
              "fe80::250:56ff:fe9d:9a54"
            ],
            "hardware_version": 20,
            "host_system_id": "host-25",
            "hv_mode": "hvAuto",
            "id": "421d290b-53da-68a5-a9e6-d565c33c13cd",
            "ide_controller_count": 2,
            "ignored_guest_ips": null,
            "imported": null,
            "latency_sensitivity": "normal",
            "memory": 1024,
            "memory_hot_add_enabled": false,
            "memory_limit": -1,
            "memory_reservation": 0,
            "memory_share_count": 10240,
            "memory_share_level": "normal",
            "migrate_wait_timeout": 30,
            "moid": "vm-3557",
            "name": "IXP-EQIX-3",
            "nested_hv_enabled": false,
            "network_interface": [
              {
                "adapter_type": "vmxnet3",
                "bandwidth_limit": -1,
                "bandwidth_reservation": 0,
                "bandwidth_share_count": 50,
                "bandwidth_share_level": "normal",
                "device_address": "pci:0:7",
                "key": 4000,
                "mac_address": "00:50:56:9d:11:c5",
                "network_id": "network-3548",
                "ovf_mapping": "",
                "use_static_mac": false
              },
              {
                "adapter_type": "vmxnet3",
                "bandwidth_limit": -1,
                "bandwidth_reservation": 0,
                "bandwidth_share_count": 50,
                "bandwidth_share_level": "normal",
                "device_address": "pci:0:8",
                "key": 4001,
                "mac_address": "00:50:56:9d:9a:54",
                "network_id": "network-3540",
                "ovf_mapping": "",
                "use_static_mac": false
              }
            ],
            "num_cores_per_socket": 1,
            "num_cpus": 1,
            "ovf_deploy": [],
            "pci_device_id": [],
            "power_state": "on",
            "poweron_timeout": 300,
            "reboot_required": false,
            "replace_trigger": null,
            "resource_pool_id": "resgroup-23",
            "run_tools_scripts_after_power_on": true,
            "run_tools_scripts_after_resume": true,
            "run_tools_scripts_before_guest_reboot": false,
            "run_tools_scripts_before_guest_shutdown": true,
            "run_tools_scripts_before_guest_standby": true,
            "sata_controller_count": 0,
            "scsi_bus_sharing": "noSharing",
            "scsi_controller_count": 1,
            "scsi_type": "pvscsi",
            "shutdown_wait_timeout": 3,
            "storage_policy_id": "",
            "swap_placement_policy": "inherit",
            "sync_time_with_host": true,
            "sync_time_with_host_periodically": false,
            "tags": [],
            "tools_upgrade_policy": "manual",
            "uuid": "421d290b-53da-68a5-a9e6-d565c33c13cd",
            "vapp": [],
            "vapp_transport": [],
            "vbs_enabled": false,
            "vmware_tools_status": "guestToolsRunning",
            "vmx_path": "IXP-EQIX-3/IXP-EQIX-3.vmx",
            "vvtd_enabled": false,
            "wait_for_guest_ip_timeout": 0,
            "wait_for_guest_net_routable": true,
            "wait_for_guest_net_timeout": 0
          },
          "sensitive_attributes": [],
          "private": "eyJzY2hlbWFfdmVyc2lvbiI6IjMifQ==",
          "dependencies": [
            "module.routers.data.vsphere_compute_cluster.cluster",
            "module.routers.data.vsphere_datacenter.dc",
            "module.routers.data.vsphere_datastore.store",
            "module.routers.data.vsphere_network.pg_sydney",
            "module.routers.data.vsphere_network.pg_tier_1_ap",
            "module.routers.data.vsphere_virtual_machine.template_vyos"
          ]
        }
      ]
    },
    {
      "module": "module.routers",
      "mode": "managed",
      "type": "vsphere_virtual_machine",
      "name": "IXP-EQIX-4",
      "provider": "provider[\"registry.terraform.io/hashicorp/vsphere\"]",
      "instances": [
        {
          "schema_version": 3,
          "attributes": {
            "alternate_guest_name": "",
            "annotation": "",
            "boot_delay": 0,
            "boot_retry_delay": 10000,
            "boot_retry_enabled": false,
            "cdrom": [],
            "change_version": "2023-11-04T23:39:31.488839Z",
            "clone": [
              {
                "customize": [],
                "linked_clone": false,
                "ovf_network_map": {},
                "ovf_storage_map": {},
                "template_uuid": "421d4b07-aac3-d3cb-46a9-aa8f4ddb0a5e",
                "timeout": 30
              }
            ],
            "cpu_hot_add_enabled": false,
            "cpu_hot_remove_enabled": false,
            "cpu_limit": -1,
            "cpu_performance_counters_enabled": false,
            "cpu_reservation": 0,
            "cpu_share_count": 1000,
            "cpu_share_level": "normal",
            "custom_attributes": {},
            "datacenter_id": null,
            "datastore_cluster_id": null,
            "datastore_id": "datastore-29",
            "default_ip_address": "fe80::250:56ff:fe9d:1e2a",
            "disk": [
              {
                "attach": false,
                "controller_type": "scsi",
                "datastore_id": "datastore-29",
                "device_address": "scsi:0:0",
                "disk_mode": "persistent",
                "disk_sharing": "sharingNone",
                "eagerly_scrub": false,
                "io_limit": -1,
                "io_reservation": 0,
                "io_share_count": 1000,
                "io_share_level": "normal",
                "keep_on_remove": false,
                "key": 2000,
                "label": "disk0",
                "path": "IXP-EQIX-4/IXP-EQIX-4.vmdk",
                "size": 40,
                "storage_policy_id": "",
                "thin_provisioned": true,
                "unit_number": 0,
                "uuid": "6000C29c-1f1f-9051-7279-a0c28d91951f",
                "write_through": false
              }
            ],
            "efi_secure_boot_enabled": false,
            "enable_disk_uuid": false,
            "enable_logging": false,
            "ept_rvi_mode": "automatic",
            "extra_config": {},
            "extra_config_reboot_required": true,
            "firmware": "bios",
            "folder": "CDX Environment/Internet/Tier 1 Routers",
            "force_power_off": true,
            "guest_id": "debian12_64Guest",
            "guest_ip_addresses": [
              "fe80::250:56ff:fe9d:1e2a",
              "fe80::250:56ff:fe9d:3574"
            ],
            "hardware_version": 20,
            "host_system_id": "host-25",
            "hv_mode": "hvAuto",
            "id": "421d5028-56b2-7c4e-6716-6bd84ee37d6f",
            "ide_controller_count": 2,
            "ignored_guest_ips": null,
            "imported": null,
            "latency_sensitivity": "normal",
            "memory": 1024,
            "memory_hot_add_enabled": false,
            "memory_limit": -1,
            "memory_reservation": 0,
            "memory_share_count": 10240,
            "memory_share_level": "normal",
            "migrate_wait_timeout": 30,
            "moid": "vm-3559",
            "name": "IXP-EQIX-4",
            "nested_hv_enabled": false,
            "network_interface": [
              {
                "adapter_type": "vmxnet3",
                "bandwidth_limit": -1,
                "bandwidth_reservation": 0,
                "bandwidth_share_count": 50,
                "bandwidth_share_level": "normal",
                "device_address": "pci:0:7",
                "key": 4000,
                "mac_address": "00:50:56:9d:1e:2a",
                "network_id": "network-3537",
                "ovf_mapping": "",
                "use_static_mac": false
              },
              {
                "adapter_type": "vmxnet3",
                "bandwidth_limit": -1,
                "bandwidth_reservation": 0,
                "bandwidth_share_count": 50,
                "bandwidth_share_level": "normal",
                "device_address": "pci:0:8",
                "key": 4001,
                "mac_address": "00:50:56:9d:35:74",
                "network_id": "network-3541",
                "ovf_mapping": "",
                "use_static_mac": false
              }
            ],
            "num_cores_per_socket": 1,
            "num_cpus": 1,
            "ovf_deploy": [],
            "pci_device_id": [],
            "power_state": "on",
            "poweron_timeout": 300,
            "reboot_required": false,
            "replace_trigger": null,
            "resource_pool_id": "resgroup-23",
            "run_tools_scripts_after_power_on": true,
            "run_tools_scripts_after_resume": true,
            "run_tools_scripts_before_guest_reboot": false,
            "run_tools_scripts_before_guest_shutdown": true,
            "run_tools_scripts_before_guest_standby": true,
            "sata_controller_count": 0,
            "scsi_bus_sharing": "noSharing",
            "scsi_controller_count": 1,
            "scsi_type": "pvscsi",
            "shutdown_wait_timeout": 3,
            "storage_policy_id": "",
            "swap_placement_policy": "inherit",
            "sync_time_with_host": true,
            "sync_time_with_host_periodically": false,
            "tags": [],
            "tools_upgrade_policy": "manual",
            "uuid": "421d5028-56b2-7c4e-6716-6bd84ee37d6f",
            "vapp": [],
            "vapp_transport": [],
            "vbs_enabled": false,
            "vmware_tools_status": "guestToolsRunning",
            "vmx_path": "IXP-EQIX-4/IXP-EQIX-4.vmx",
            "vvtd_enabled": false,
            "wait_for_guest_ip_timeout": 0,
            "wait_for_guest_net_routable": true,
            "wait_for_guest_net_timeout": 0
          },
          "sensitive_attributes": [],
          "private": "eyJzY2hlbWFfdmVyc2lvbiI6IjMifQ==",
          "dependencies": [
            "module.routers.data.vsphere_compute_cluster.cluster",
            "module.routers.data.vsphere_datacenter.dc",
            "module.routers.data.vsphere_datastore.store",
            "module.routers.data.vsphere_network.pg_seattle",
            "module.routers.data.vsphere_network.pg_tier_1_am",
            "module.routers.data.vsphere_virtual_machine.template_vyos"
          ]
        }
      ]
    },
    {
      "module": "module.routers",
      "mode": "managed",
      "type": "vsphere_virtual_machine",
      "name": "IXP-EQIX-5",
      "provider": "provider[\"registry.terraform.io/hashicorp/vsphere\"]",
      "instances": [
        {
          "schema_version": 3,
          "attributes": {
            "alternate_guest_name": "",
            "annotation": "",
            "boot_delay": 0,
            "boot_retry_delay": 10000,
            "boot_retry_enabled": false,
            "cdrom": [],
            "change_version": "2023-11-04T23:39:31.463714Z",
            "clone": [
              {
                "customize": [],
                "linked_clone": false,
                "ovf_network_map": {},
                "ovf_storage_map": {},
                "template_uuid": "421d4b07-aac3-d3cb-46a9-aa8f4ddb0a5e",
                "timeout": 30
              }
            ],
            "cpu_hot_add_enabled": false,
            "cpu_hot_remove_enabled": false,
            "cpu_limit": -1,
            "cpu_performance_counters_enabled": false,
            "cpu_reservation": 0,
            "cpu_share_count": 1000,
            "cpu_share_level": "normal",
            "custom_attributes": {},
            "datacenter_id": null,
            "datastore_cluster_id": null,
            "datastore_id": "datastore-29",
            "default_ip_address": "fe80::250:56ff:fe9d:8725",
            "disk": [
              {
                "attach": false,
                "controller_type": "scsi",
                "datastore_id": "datastore-29",
                "device_address": "scsi:0:0",
                "disk_mode": "persistent",
                "disk_sharing": "sharingNone",
                "eagerly_scrub": false,
                "io_limit": -1,
                "io_reservation": 0,
                "io_share_count": 1000,
                "io_share_level": "normal",
                "keep_on_remove": false,
                "key": 2000,
                "label": "disk0",
                "path": "IXP-EQIX-5/IXP-EQIX-5.vmdk",
                "size": 40,
                "storage_policy_id": "",
                "thin_provisioned": true,
                "unit_number": 0,
                "uuid": "6000C291-41da-3cad-46bd-3d3a7eec740f",
                "write_through": false
              }
            ],
            "efi_secure_boot_enabled": false,
            "enable_disk_uuid": false,
            "enable_logging": false,
            "ept_rvi_mode": "automatic",
            "extra_config": {},
            "extra_config_reboot_required": true,
            "firmware": "bios",
            "folder": "CDX Environment/Internet/Tier 1 Routers",
            "force_power_off": true,
            "guest_id": "debian12_64Guest",
            "guest_ip_addresses": [
              "fe80::250:56ff:fe9d:8725",
              "fe80::250:56ff:fe9d:98f2"
            ],
            "hardware_version": 20,
            "host_system_id": "host-25",
            "hv_mode": "hvAuto",
            "id": "421d9235-6443-211d-9bd7-1b4f90bdfa42",
            "ide_controller_count": 2,
            "ignored_guest_ips": null,
            "imported": null,
            "latency_sensitivity": "normal",
            "memory": 1024,
            "memory_hot_add_enabled": false,
            "memory_limit": -1,
            "memory_reservation": 0,
            "memory_share_count": 10240,
            "memory_share_level": "normal",
            "migrate_wait_timeout": 30,
            "moid": "vm-3554",
            "name": "IXP-EQIX-5",
            "nested_hv_enabled": false,
            "network_interface": [
              {
                "adapter_type": "vmxnet3",
                "bandwidth_limit": -1,
                "bandwidth_reservation": 0,
                "bandwidth_share_count": 50,
                "bandwidth_share_level": "normal",
                "device_address": "pci:0:7",
                "key": 4000,
                "mac_address": "00:50:56:9d:87:25",
                "network_id": "network-3544",
                "ovf_mapping": "",
                "use_static_mac": false
              },
              {
                "adapter_type": "vmxnet3",
                "bandwidth_limit": -1,
                "bandwidth_reservation": 0,
                "bandwidth_share_count": 50,
                "bandwidth_share_level": "normal",
                "device_address": "pci:0:8",
                "key": 4001,
                "mac_address": "00:50:56:9d:98:f2",
                "network_id": "network-3541",
                "ovf_mapping": "",
                "use_static_mac": false
              }
            ],
            "num_cores_per_socket": 1,
            "num_cpus": 1,
            "ovf_deploy": [],
            "pci_device_id": [],
            "power_state": "on",
            "poweron_timeout": 300,
            "reboot_required": false,
            "replace_trigger": null,
            "resource_pool_id": "resgroup-23",
            "run_tools_scripts_after_power_on": true,
            "run_tools_scripts_after_resume": true,
            "run_tools_scripts_before_guest_reboot": false,
            "run_tools_scripts_before_guest_shutdown": true,
            "run_tools_scripts_before_guest_standby": true,
            "sata_controller_count": 0,
            "scsi_bus_sharing": "noSharing",
            "scsi_controller_count": 1,
            "scsi_type": "pvscsi",
            "shutdown_wait_timeout": 3,
            "storage_policy_id": "",
            "swap_placement_policy": "inherit",
            "sync_time_with_host": true,
            "sync_time_with_host_periodically": false,
            "tags": [],
            "tools_upgrade_policy": "manual",
            "uuid": "421d9235-6443-211d-9bd7-1b4f90bdfa42",
            "vapp": [],
            "vapp_transport": [],
            "vbs_enabled": false,
            "vmware_tools_status": "guestToolsRunning",
            "vmx_path": "IXP-EQIX-5/IXP-EQIX-5.vmx",
            "vvtd_enabled": false,
            "wait_for_guest_ip_timeout": 0,
            "wait_for_guest_net_routable": true,
            "wait_for_guest_net_timeout": 0
          },
          "sensitive_attributes": [],
          "private": "eyJzY2hlbWFfdmVyc2lvbiI6IjMifQ==",
          "dependencies": [
            "module.routers.data.vsphere_compute_cluster.cluster",
            "module.routers.data.vsphere_datacenter.dc",
            "module.routers.data.vsphere_datastore.store",
            "module.routers.data.vsphere_network.pg_tier_1_am",
            "module.routers.data.vsphere_network.pg_toronto",
            "module.routers.data.vsphere_virtual_machine.template_vyos"
          ]
        }
      ]
    },
    {
      "module": "module.routers",
      "mode": "managed",
      "type": "vsphere_virtual_machine",
      "name": "IXP-EQIX-6",
      "provider": "provider[\"registry.terraform.io/hashicorp/vsphere\"]",
      "instances": [
        {
          "schema_version": 3,
          "attributes": {
            "alternate_guest_name": "",
            "annotation": "",
            "boot_delay": 0,
            "boot_retry_delay": 10000,
            "boot_retry_enabled": false,
            "cdrom": [],
            "change_version": "2023-11-04T23:39:31.565628Z",
            "clone": [
              {
                "customize": [],
                "linked_clone": false,
                "ovf_network_map": {},
                "ovf_storage_map": {},
                "template_uuid": "421d4b07-aac3-d3cb-46a9-aa8f4ddb0a5e",
                "timeout": 30
              }
            ],
            "cpu_hot_add_enabled": false,
            "cpu_hot_remove_enabled": false,
            "cpu_limit": -1,
            "cpu_performance_counters_enabled": false,
            "cpu_reservation": 0,
            "cpu_share_count": 1000,
            "cpu_share_level": "normal",
            "custom_attributes": {},
            "datacenter_id": null,
            "datastore_cluster_id": null,
            "datastore_id": "datastore-29",
            "default_ip_address": "fe80::250:56ff:fe9d:425e",
            "disk": [
              {
                "attach": false,
                "controller_type": "scsi",
                "datastore_id": "datastore-29",
                "device_address": "scsi:0:0",
                "disk_mode": "persistent",
                "disk_sharing": "sharingNone",
                "eagerly_scrub": false,
                "io_limit": -1,
                "io_reservation": 0,
                "io_share_count": 1000,
                "io_share_level": "normal",
                "keep_on_remove": false,
                "key": 2000,
                "label": "disk0",
                "path": "IXP-EQIX-6/IXP-EQIX-6.vmdk",
                "size": 40,
                "storage_policy_id": "",
                "thin_provisioned": true,
                "unit_number": 0,
                "uuid": "6000C29f-0c4f-8e69-e71c-9887aa0e20aa",
                "write_through": false
              }
            ],
            "efi_secure_boot_enabled": false,
            "enable_disk_uuid": false,
            "enable_logging": false,
            "ept_rvi_mode": "automatic",
            "extra_config": {},
            "extra_config_reboot_required": true,
            "firmware": "bios",
            "folder": "CDX Environment/Internet/Tier 1 Routers",
            "force_power_off": true,
            "guest_id": "debian12_64Guest",
            "guest_ip_addresses": [
              "fe80::250:56ff:fe9d:425e",
              "fe80::250:56ff:fe9d:464b"
            ],
            "hardware_version": 20,
            "host_system_id": "host-25",
            "hv_mode": "hvAuto",
            "id": "421dd612-1098-ff56-a6e4-2221de3a8236",
            "ide_controller_count": 2,
            "ignored_guest_ips": null,
            "imported": null,
            "latency_sensitivity": "normal",
            "memory": 1024,
            "memory_hot_add_enabled": false,
            "memory_limit": -1,
            "memory_reservation": 0,
            "memory_share_count": 10240,
            "memory_share_level": "normal",
            "migrate_wait_timeout": 30,
            "moid": "vm-3560",
            "name": "IXP-EQIX-6",
            "nested_hv_enabled": false,
            "network_interface": [
              {
                "adapter_type": "vmxnet3",
                "bandwidth_limit": -1,
                "bandwidth_reservation": 0,
                "bandwidth_share_count": 50,
                "bandwidth_share_level": "normal",
                "device_address": "pci:0:7",
                "key": 4000,
                "mac_address": "00:50:56:9d:42:5e",
                "network_id": "network-3543",
                "ovf_mapping": "",
                "use_static_mac": false
              },
              {
                "adapter_type": "vmxnet3",
                "bandwidth_limit": -1,
                "bandwidth_reservation": 0,
                "bandwidth_share_count": 50,
                "bandwidth_share_level": "normal",
                "device_address": "pci:0:8",
                "key": 4001,
                "mac_address": "00:50:56:9d:46:4b",
                "network_id": "network-3536",
                "ovf_mapping": "",
                "use_static_mac": false
              }
            ],
            "num_cores_per_socket": 1,
            "num_cpus": 1,
            "ovf_deploy": [],
            "pci_device_id": [],
            "power_state": "on",
            "poweron_timeout": 300,
            "reboot_required": false,
            "replace_trigger": null,
            "resource_pool_id": "resgroup-23",
            "run_tools_scripts_after_power_on": true,
            "run_tools_scripts_after_resume": true,
            "run_tools_scripts_before_guest_reboot": false,
            "run_tools_scripts_before_guest_shutdown": true,
            "run_tools_scripts_before_guest_standby": true,
            "sata_controller_count": 0,
            "scsi_bus_sharing": "noSharing",
            "scsi_controller_count": 1,
            "scsi_type": "pvscsi",
            "shutdown_wait_timeout": 3,
            "storage_policy_id": "",
            "swap_placement_policy": "inherit",
            "sync_time_with_host": true,
            "sync_time_with_host_periodically": false,
            "tags": [],
            "tools_upgrade_policy": "manual",
            "uuid": "421dd612-1098-ff56-a6e4-2221de3a8236",
            "vapp": [],
            "vapp_transport": [],
            "vbs_enabled": false,
            "vmware_tools_status": "guestToolsRunning",
            "vmx_path": "IXP-EQIX-6/IXP-EQIX-6.vmx",
            "vvtd_enabled": false,
            "wait_for_guest_ip_timeout": 0,
            "wait_for_guest_net_routable": true,
            "wait_for_guest_net_timeout": 0
          },
          "sensitive_attributes": [],
          "private": "eyJzY2hlbWFfdmVyc2lvbiI6IjMifQ==",
          "dependencies": [
            "module.routers.data.vsphere_compute_cluster.cluster",
            "module.routers.data.vsphere_datacenter.dc",
            "module.routers.data.vsphere_datastore.store",
            "module.routers.data.vsphere_network.pg_frankfurt",
            "module.routers.data.vsphere_network.pg_tier_1_ea",
            "module.routers.data.vsphere_virtual_machine.template_vyos"
          ]
        }
      ]
    },
    {
      "module": "module.routers",
      "mode": "managed",
      "type": "vsphere_virtual_machine",
      "name": "IXP-EQIX-7",
      "provider": "provider[\"registry.terraform.io/hashicorp/vsphere\"]",
      "instances": [
        {
          "schema_version": 3,
          "attributes": {
            "alternate_guest_name": "",
            "annotation": "",
            "boot_delay": 0,
            "boot_retry_delay": 10000,
            "boot_retry_enabled": false,
            "cdrom": [],
            "change_version": "2023-11-04T23:39:43.567064Z",
            "clone": [
              {
                "customize": [],
                "linked_clone": false,
                "ovf_network_map": {},
                "ovf_storage_map": {},
                "template_uuid": "421d4b07-aac3-d3cb-46a9-aa8f4ddb0a5e",
                "timeout": 30
              }
            ],
            "cpu_hot_add_enabled": false,
            "cpu_hot_remove_enabled": false,
            "cpu_limit": -1,
            "cpu_performance_counters_enabled": false,
            "cpu_reservation": 0,
            "cpu_share_count": 1000,
            "cpu_share_level": "normal",
            "custom_attributes": {},
            "datacenter_id": null,
            "datastore_cluster_id": null,
            "datastore_id": "datastore-29",
            "default_ip_address": "fe80::250:56ff:fe9d:a001",
            "disk": [
              {
                "attach": false,
                "controller_type": "scsi",
                "datastore_id": "datastore-29",
                "device_address": "scsi:0:0",
                "disk_mode": "persistent",
                "disk_sharing": "sharingNone",
                "eagerly_scrub": false,
                "io_limit": -1,
                "io_reservation": 0,
                "io_share_count": 1000,
                "io_share_level": "normal",
                "keep_on_remove": false,
                "key": 2000,
                "label": "disk0",
                "path": "IXP-EQIX-7/IXP-EQIX-7.vmdk",
                "size": 40,
                "storage_policy_id": "",
                "thin_provisioned": true,
                "unit_number": 0,
                "uuid": "6000C294-e585-aba1-7bbe-3b1699b7018f",
                "write_through": false
              }
            ],
            "efi_secure_boot_enabled": false,
            "enable_disk_uuid": false,
            "enable_logging": false,
            "ept_rvi_mode": "automatic",
            "extra_config": {},
            "extra_config_reboot_required": true,
            "firmware": "bios",
            "folder": "CDX Environment/Internet/Tier 1 Routers",
            "force_power_off": true,
            "guest_id": "debian12_64Guest",
            "guest_ip_addresses": [
              "fe80::250:56ff:fe9d:a001",
              "fe80::250:56ff:fe9d:5563"
            ],
            "hardware_version": 20,
            "host_system_id": "host-25",
            "hv_mode": "hvAuto",
            "id": "421d370e-4b05-423a-f1c1-e080807c0103",
            "ide_controller_count": 2,
            "ignored_guest_ips": null,
            "imported": null,
            "latency_sensitivity": "normal",
            "memory": 1024,
            "memory_hot_add_enabled": false,
            "memory_limit": -1,
            "memory_reservation": 0,
            "memory_share_count": 10240,
            "memory_share_level": "normal",
            "migrate_wait_timeout": 30,
            "moid": "vm-3564",
            "name": "IXP-EQIX-7",
            "nested_hv_enabled": false,
            "network_interface": [
              {
                "adapter_type": "vmxnet3",
                "bandwidth_limit": -1,
                "bandwidth_reservation": 0,
                "bandwidth_share_count": 50,
                "bandwidth_share_level": "normal",
                "device_address": "pci:0:7",
                "key": 4000,
                "mac_address": "00:50:56:9d:a0:01",
                "network_id": "network-3547",
                "ovf_mapping": "",
                "use_static_mac": false
              },
              {
                "adapter_type": "vmxnet3",
                "bandwidth_limit": -1,
                "bandwidth_reservation": 0,
                "bandwidth_share_count": 50,
                "bandwidth_share_level": "normal",
                "device_address": "pci:0:8",
                "key": 4001,
                "mac_address": "00:50:56:9d:55:63",
                "network_id": "network-3540",
                "ovf_mapping": "",
                "use_static_mac": false
              }
            ],
            "num_cores_per_socket": 1,
            "num_cpus": 1,
            "ovf_deploy": [],
            "pci_device_id": [],
            "power_state": "on",
            "poweron_timeout": 300,
            "reboot_required": false,
            "replace_trigger": null,
            "resource_pool_id": "resgroup-23",
            "run_tools_scripts_after_power_on": true,
            "run_tools_scripts_after_resume": true,
            "run_tools_scripts_before_guest_reboot": false,
            "run_tools_scripts_before_guest_shutdown": true,
            "run_tools_scripts_before_guest_standby": true,
            "sata_controller_count": 0,
            "scsi_bus_sharing": "noSharing",
            "scsi_controller_count": 1,
            "scsi_type": "pvscsi",
            "shutdown_wait_timeout": 3,
            "storage_policy_id": "",
            "swap_placement_policy": "inherit",
            "sync_time_with_host": true,
            "sync_time_with_host_periodically": false,
            "tags": [],
            "tools_upgrade_policy": "manual",
            "uuid": "421d370e-4b05-423a-f1c1-e080807c0103",
            "vapp": [],
            "vapp_transport": [],
            "vbs_enabled": false,
            "vmware_tools_status": "guestToolsRunning",
            "vmx_path": "IXP-EQIX-7/IXP-EQIX-7.vmx",
            "vvtd_enabled": false,
            "wait_for_guest_ip_timeout": 0,
            "wait_for_guest_net_routable": true,
            "wait_for_guest_net_timeout": 0
          },
          "sensitive_attributes": [],
          "private": "eyJzY2hlbWFfdmVyc2lvbiI6IjMifQ==",
          "dependencies": [
            "module.routers.data.vsphere_compute_cluster.cluster",
            "module.routers.data.vsphere_datacenter.dc",
            "module.routers.data.vsphere_datastore.store",
            "module.routers.data.vsphere_network.pg_tier_1_ap",
            "module.routers.data.vsphere_network.pg_vladivostok",
            "module.routers.data.vsphere_virtual_machine.template_vyos"
          ]
        }
      ]
    },
    {
      "module": "module.routers",
      "mode": "managed",
      "type": "vsphere_virtual_machine",
      "name": "IXP-EQIX-8",
      "provider": "provider[\"registry.terraform.io/hashicorp/vsphere\"]",
      "instances": [
        {
          "schema_version": 3,
          "attributes": {
            "alternate_guest_name": "",
            "annotation": "",
            "boot_delay": 0,
            "boot_retry_delay": 10000,
            "boot_retry_enabled": false,
            "cdrom": [],
            "change_version": "2023-11-04T23:39:45.524651Z",
            "clone": [
              {
                "customize": [],
                "linked_clone": false,
                "ovf_network_map": {},
                "ovf_storage_map": {},
                "template_uuid": "421d4b07-aac3-d3cb-46a9-aa8f4ddb0a5e",
                "timeout": 30
              }
            ],
            "cpu_hot_add_enabled": false,
            "cpu_hot_remove_enabled": false,
            "cpu_limit": -1,
            "cpu_performance_counters_enabled": false,
            "cpu_reservation": 0,
            "cpu_share_count": 1000,
            "cpu_share_level": "normal",
            "custom_attributes": {},
            "datacenter_id": null,
            "datastore_cluster_id": null,
            "datastore_id": "datastore-29",
            "default_ip_address": "fe80::250:56ff:fe9d:bc38",
            "disk": [
              {
                "attach": false,
                "controller_type": "scsi",
                "datastore_id": "datastore-29",
                "device_address": "scsi:0:0",
                "disk_mode": "persistent",
                "disk_sharing": "sharingNone",
                "eagerly_scrub": false,
                "io_limit": -1,
                "io_reservation": 0,
                "io_share_count": 1000,
                "io_share_level": "normal",
                "keep_on_remove": false,
                "key": 2000,
                "label": "disk0",
                "path": "IXP-EQIX-8/IXP-EQIX-8.vmdk",
                "size": 40,
                "storage_policy_id": "",
                "thin_provisioned": true,
                "unit_number": 0,
                "uuid": "6000C29d-5293-1d5d-aad8-c9d3fca01bf6",
                "write_through": false
              }
            ],
            "efi_secure_boot_enabled": false,
            "enable_disk_uuid": false,
            "enable_logging": false,
            "ept_rvi_mode": "automatic",
            "extra_config": {},
            "extra_config_reboot_required": true,
            "firmware": "bios",
            "folder": "CDX Environment/Internet/Tier 1 Routers",
            "force_power_off": true,
            "guest_id": "debian12_64Guest",
            "guest_ip_addresses": [
              "fe80::250:56ff:fe9d:bc38",
              "fe80::250:56ff:fe9d:4bcb"
            ],
            "hardware_version": 20,
            "host_system_id": "host-25",
            "hv_mode": "hvAuto",
            "id": "421d8004-3d2f-c0d2-42da-dcf55be51d80",
            "ide_controller_count": 2,
            "ignored_guest_ips": null,
            "imported": null,
            "latency_sensitivity": "normal",
            "memory": 1024,
            "memory_hot_add_enabled": false,
            "memory_limit": -1,
            "memory_reservation": 0,
            "memory_share_count": 10240,
            "memory_share_level": "normal",
            "migrate_wait_timeout": 30,
            "moid": "vm-3563",
            "name": "IXP-EQIX-8",
            "nested_hv_enabled": false,
            "network_interface": [
              {
                "adapter_type": "vmxnet3",
                "bandwidth_limit": -1,
                "bandwidth_reservation": 0,
                "bandwidth_share_count": 50,
                "bandwidth_share_level": "normal",
                "device_address": "pci:0:7",
                "key": 4000,
                "mac_address": "00:50:56:9d:bc:38",
                "network_id": "network-3538",
                "ovf_mapping": "",
                "use_static_mac": false
              },
              {
                "adapter_type": "vmxnet3",
                "bandwidth_limit": -1,
                "bandwidth_reservation": 0,
                "bandwidth_share_count": 50,
                "bandwidth_share_level": "normal",
                "device_address": "pci:0:8",
                "key": 4001,
                "mac_address": "00:50:56:9d:4b:cb",
                "network_id": "network-3540",
                "ovf_mapping": "",
                "use_static_mac": false
              }
            ],
            "num_cores_per_socket": 1,
            "num_cpus": 1,
            "ovf_deploy": [],
            "pci_device_id": [],
            "power_state": "on",
            "poweron_timeout": 300,
            "reboot_required": false,
            "replace_trigger": null,
            "resource_pool_id": "resgroup-23",
            "run_tools_scripts_after_power_on": true,
            "run_tools_scripts_after_resume": true,
            "run_tools_scripts_before_guest_reboot": false,
            "run_tools_scripts_before_guest_shutdown": true,
            "run_tools_scripts_before_guest_standby": true,
            "sata_controller_count": 0,
            "scsi_bus_sharing": "noSharing",
            "scsi_controller_count": 1,
            "scsi_type": "pvscsi",
            "shutdown_wait_timeout": 3,
            "storage_policy_id": "",
            "swap_placement_policy": "inherit",
            "sync_time_with_host": true,
            "sync_time_with_host_periodically": false,
            "tags": [],
            "tools_upgrade_policy": "manual",
            "uuid": "421d8004-3d2f-c0d2-42da-dcf55be51d80",
            "vapp": [],
            "vapp_transport": [],
            "vbs_enabled": false,
            "vmware_tools_status": "guestToolsRunning",
            "vmx_path": "IXP-EQIX-8/IXP-EQIX-8.vmx",
            "vvtd_enabled": false,
            "wait_for_guest_ip_timeout": 0,
            "wait_for_guest_net_routable": true,
            "wait_for_guest_net_timeout": 0
          },
          "sensitive_attributes": [],
          "private": "eyJzY2hlbWFfdmVyc2lvbiI6IjMifQ==",
          "dependencies": [
            "module.routers.data.vsphere_compute_cluster.cluster",
            "module.routers.data.vsphere_datacenter.dc",
            "module.routers.data.vsphere_datastore.store",
            "module.routers.data.vsphere_network.pg_dubai",
            "module.routers.data.vsphere_network.pg_tier_1_ap",
            "module.routers.data.vsphere_virtual_machine.template_vyos"
          ]
        }
      ]
    },
    {
      "module": "module.routers",
      "mode": "managed",
      "type": "vsphere_virtual_machine",
      "name": "IXP-EQIX-9",
      "provider": "provider[\"registry.terraform.io/hashicorp/vsphere\"]",
      "instances": [
        {
          "schema_version": 3,
          "attributes": {
            "alternate_guest_name": "",
            "annotation": "",
            "boot_delay": 0,
            "boot_retry_delay": 10000,
            "boot_retry_enabled": false,
            "cdrom": [],
            "change_version": "2023-11-04T23:39:31.547153Z",
            "clone": [
              {
                "customize": [],
                "linked_clone": false,
                "ovf_network_map": {},
                "ovf_storage_map": {},
                "template_uuid": "421d4b07-aac3-d3cb-46a9-aa8f4ddb0a5e",
                "timeout": 30
              }
            ],
            "cpu_hot_add_enabled": false,
            "cpu_hot_remove_enabled": false,
            "cpu_limit": -1,
            "cpu_performance_counters_enabled": false,
            "cpu_reservation": 0,
            "cpu_share_count": 1000,
            "cpu_share_level": "normal",
            "custom_attributes": {},
            "datacenter_id": null,
            "datastore_cluster_id": null,
            "datastore_id": "datastore-29",
            "default_ip_address": "fe80::250:56ff:fe9d:e046",
            "disk": [
              {
                "attach": false,
                "controller_type": "scsi",
                "datastore_id": "datastore-29",
                "device_address": "scsi:0:0",
                "disk_mode": "persistent",
                "disk_sharing": "sharingNone",
                "eagerly_scrub": false,
                "io_limit": -1,
                "io_reservation": 0,
                "io_share_count": 1000,
                "io_share_level": "normal",
                "keep_on_remove": false,
                "key": 2000,
                "label": "disk0",
                "path": "IXP-EQIX-9/IXP-EQIX-9.vmdk",
                "size": 40,
                "storage_policy_id": "",
                "thin_provisioned": true,
                "unit_number": 0,
                "uuid": "6000C296-83be-7bf6-e63c-3fd3088ec8a7",
                "write_through": false
              }
            ],
            "efi_secure_boot_enabled": false,
            "enable_disk_uuid": false,
            "enable_logging": false,
            "ept_rvi_mode": "automatic",
            "extra_config": {},
            "extra_config_reboot_required": true,
            "firmware": "bios",
            "folder": "CDX Environment/Internet/Tier 1 Routers",
            "force_power_off": true,
            "guest_id": "debian12_64Guest",
            "guest_ip_addresses": [
              "fe80::250:56ff:fe9d:e046",
              "fe80::250:56ff:fe9d:b973"
            ],
            "hardware_version": 20,
            "host_system_id": "host-25",
            "hv_mode": "hvAuto",
            "id": "421dda29-b780-f0d7-85dc-8ce4118d6f92",
            "ide_controller_count": 2,
            "ignored_guest_ips": null,
            "imported": null,
            "latency_sensitivity": "normal",
            "memory": 1024,
            "memory_hot_add_enabled": false,
            "memory_limit": -1,
            "memory_reservation": 0,
            "memory_share_count": 10240,
            "memory_share_level": "normal",
            "migrate_wait_timeout": 30,
            "moid": "vm-3556",
            "name": "IXP-EQIX-9",
            "nested_hv_enabled": false,
            "network_interface": [
              {
                "adapter_type": "vmxnet3",
                "bandwidth_limit": -1,
                "bandwidth_reservation": 0,
                "bandwidth_share_count": 50,
                "bandwidth_share_level": "normal",
                "device_address": "pci:0:7",
                "key": 4000,
                "mac_address": "00:50:56:9d:e0:46",
                "network_id": "network-3546",
                "ovf_mapping": "",
                "use_static_mac": false
              },
              {
                "adapter_type": "vmxnet3",
                "bandwidth_limit": -1,
                "bandwidth_reservation": 0,
                "bandwidth_share_count": 50,
                "bandwidth_share_level": "normal",
                "device_address": "pci:0:8",
                "key": 4001,
                "mac_address": "00:50:56:9d:b9:73",
                "network_id": "network-3541",
                "ovf_mapping": "",
                "use_static_mac": false
              }
            ],
            "num_cores_per_socket": 1,
            "num_cpus": 1,
            "ovf_deploy": [],
            "pci_device_id": [],
            "power_state": "on",
            "poweron_timeout": 300,
            "reboot_required": false,
            "replace_trigger": null,
            "resource_pool_id": "resgroup-23",
            "run_tools_scripts_after_power_on": true,
            "run_tools_scripts_after_resume": true,
            "run_tools_scripts_before_guest_reboot": false,
            "run_tools_scripts_before_guest_shutdown": true,
            "run_tools_scripts_before_guest_standby": true,
            "sata_controller_count": 0,
            "scsi_bus_sharing": "noSharing",
            "scsi_controller_count": 1,
            "scsi_type": "pvscsi",
            "shutdown_wait_timeout": 3,
            "storage_policy_id": "",
            "swap_placement_policy": "inherit",
            "sync_time_with_host": true,
            "sync_time_with_host_periodically": false,
            "tags": [],
            "tools_upgrade_policy": "manual",
            "uuid": "421dda29-b780-f0d7-85dc-8ce4118d6f92",
            "vapp": [],
            "vapp_transport": [],
            "vbs_enabled": false,
            "vmware_tools_status": "guestToolsRunning",
            "vmx_path": "IXP-EQIX-9/IXP-EQIX-9.vmx",
            "vvtd_enabled": false,
            "wait_for_guest_ip_timeout": 0,
            "wait_for_guest_net_routable": true,
            "wait_for_guest_net_timeout": 0
          },
          "sensitive_attributes": [],
          "private": "eyJzY2hlbWFfdmVyc2lvbiI6IjMifQ==",
          "dependencies": [
            "module.routers.data.vsphere_compute_cluster.cluster",
            "module.routers.data.vsphere_datacenter.dc",
            "module.routers.data.vsphere_datastore.store",
            "module.routers.data.vsphere_network.pg_rio_de_janeiro",
            "module.routers.data.vsphere_network.pg_tier_1_am",
            "module.routers.data.vsphere_virtual_machine.template_vyos"
          ]
        }
      ]
    },
    {
      "module": "module.servers",
      "mode": "data",
      "type": "vsphere_compute_cluster",
      "name": "cluster",
      "provider": "provider[\"registry.terraform.io/hashicorp/vsphere\"]",
      "instances": [
        {
          "schema_version": 0,
          "attributes": {
            "datacenter_id": "datacenter-3",
            "id": "domain-c22",
            "name": "CDX",
            "resource_pool_id": "resgroup-23"
          },
          "sensitive_attributes": []
        }
      ]
    },
    {
      "module": "module.servers",
      "mode": "data",
      "type": "vsphere_datacenter",
      "name": "dc",
      "provider": "provider[\"registry.terraform.io/hashicorp/vsphere\"]",
      "instances": [
        {
          "schema_version": 0,
          "attributes": {
            "id": "datacenter-3",
            "name": "CDX Datacenter"
          },
          "sensitive_attributes": []
        }
      ]
    },
    {
      "module": "module.servers",
      "mode": "data",
      "type": "vsphere_datastore",
      "name": "store",
      "provider": "provider[\"registry.terraform.io/hashicorp/vsphere\"]",
      "instances": [
        {
          "schema_version": 0,
          "attributes": {
            "datacenter_id": "datacenter-3",
            "id": "datastore-29",
            "name": "Datastore_1"
          },
          "sensitive_attributes": []
        }
      ]
    },
    {
      "module": "module.servers",
      "mode": "data",
      "type": "vsphere_network",
      "name": "pg_nstp",
      "provider": "provider[\"registry.terraform.io/hashicorp/vsphere\"]",
      "instances": [
        {
          "schema_version": 0,
          "attributes": {
            "datacenter_id": "datacenter-3",
            "distributed_virtual_switch_uuid": null,
            "id": "network-3543",
            "name": "CDX - Tier 2 - Frankfurt",
            "type": "Network"
          },
          "sensitive_attributes": []
        }
      ]
    },
    {
      "module": "module.servers",
      "mode": "data",
      "type": "vsphere_network",
      "name": "pg_web",
      "provider": "provider[\"registry.terraform.io/hashicorp/vsphere\"]",
      "instances": [
        {
          "schema_version": 0,
          "attributes": {
            "datacenter_id": "datacenter-3",
            "distributed_virtual_switch_uuid": null,
            "id": "network-3537",
            "name": "CDX - Tier 2 - Seattle",
            "type": "Network"
          },
          "sensitive_attributes": []
        }
      ]
    },
    {
      "module": "module.servers",
      "mode": "data",
      "type": "vsphere_virtual_machine",
      "name": "template_2022",
      "provider": "provider[\"registry.terraform.io/hashicorp/vsphere\"]",
      "instances": [
        {
          "schema_version": 0,
          "attributes": {
            "alternate_guest_name": "",
            "annotation": "Name: \n\nRole(s): \n\nIP: Gateway:",
            "boot_delay": 0,
            "boot_retry_delay": 10000,
            "boot_retry_enabled": false,
            "change_version": "2023-10-31T00:11:26.510285Z",
            "cpu_hot_add_enabled": false,
            "cpu_hot_remove_enabled": false,
            "cpu_limit": -1,
            "cpu_performance_counters_enabled": false,
            "cpu_reservation": 0,
            "cpu_share_count": 2000,
            "cpu_share_level": "normal",
            "datacenter_id": "datacenter-3",
            "default_ip_address": null,
            "disks": [
              {
                "eagerly_scrub": false,
                "label": "Hard disk 1",
                "size": 90,
                "thin_provisioned": true,
                "unit_number": 0
              }
            ],
            "efi_secure_boot_enabled": false,
            "enable_disk_uuid": true,
            "enable_logging": true,
            "ept_rvi_mode": "automatic",
            "extra_config": {},
            "extra_config_reboot_required": true,
            "firmware": "bios",
            "guest_id": "windows2019srvNext_64Guest",
            "guest_ip_addresses": [],
            "hardware_version": 18,
            "hv_mode": "hvAuto",
            "id": "421de2c2-5d22-9673-a0e0-aa2dedb2a70e",
            "ide_controller_scan_count": 2,
            "latency_sensitivity": "normal",
            "memory": 4096,
            "memory_hot_add_enabled": false,
            "memory_limit": -1,
            "memory_reservation": 4096,
            "memory_share_count": 40960,
            "memory_share_level": "normal",
            "moid": "vm-310",
            "name": "Base_Server2022",
            "nested_hv_enabled": false,
            "network_interface_types": [
              "vmxnet3"
            ],
            "network_interfaces": [
              {
                "adapter_type": "vmxnet3",
                "bandwidth_limit": -1,
                "bandwidth_reservation": 0,
                "bandwidth_share_count": 50,
                "bandwidth_share_level": "normal",
                "mac_address": "00:50:56:9d:06:be",
                "network_id": "network-32"
              }
            ],
            "num_cores_per_socket": 1,
            "num_cpus": 2,
            "replace_trigger": null,
            "run_tools_scripts_after_power_on": true,
            "run_tools_scripts_after_resume": true,
            "run_tools_scripts_before_guest_reboot": false,
            "run_tools_scripts_before_guest_shutdown": true,
            "run_tools_scripts_before_guest_standby": true,
            "sata_controller_scan_count": 0,
            "scsi_bus_sharing": "noSharing",
            "scsi_controller_scan_count": 1,
            "scsi_type": "lsilogic-sas",
            "storage_policy_id": null,
            "swap_placement_policy": "inherit",
            "sync_time_with_host": true,
            "sync_time_with_host_periodically": false,
            "tools_upgrade_policy": "manual",
            "uuid": "421de2c2-5d22-9673-a0e0-aa2dedb2a70e",
            "vapp": null,
            "vapp_transport": [],
            "vbs_enabled": false,
            "vvtd_enabled": false
          },
          "sensitive_attributes": []
        }
      ]
    },
    {
      "module": "module.servers",
      "mode": "managed",
      "type": "vsphere_virtual_machine",
      "name": "cdx-nstp-01",
      "provider": "provider[\"registry.terraform.io/hashicorp/vsphere\"]",
      "instances": [
        {
          "schema_version": 3,
          "attributes": {
            "alternate_guest_name": "",
            "annotation": "Name: \n\nRole(s): \n\nIP: Gateway:",
            "boot_delay": 0,
            "boot_retry_delay": 10000,
            "boot_retry_enabled": false,
            "cdrom": [],
            "change_version": "2023-11-04T23:49:14.951444Z",
            "clone": [
              {
                "customize": [
                  {
                    "dns_server_list": null,
                    "dns_suffix_list": null,
                    "ipv4_gateway": "46.244.164.194",
                    "ipv6_gateway": "",
                    "linux_options": [],
                    "network_interface": [
                      {
                        "dns_domain": "",
                        "dns_server_list": [
                          "46.244.164.88"
                        ],
                        "ipv4_address": "46.244.164.88",
                        "ipv4_netmask": 24,
                        "ipv6_address": "",
                        "ipv6_netmask": 0
                      }
                    ],
                    "timeout": 10,
                    "windows_options": [
                      {
                        "admin_password": "IyTt+,uDhtR@.303",
                        "auto_logon": true,
                        "auto_logon_count": 2,
                        "computer_name": "cdx-nstp-01",
                        "domain_admin_password": "",
                        "domain_admin_user": "",
                        "full_name": "Administrator",
                        "join_domain": "",
                        "organization_name": "Managed by Terraform",
                        "product_key": "",
                        "run_once_command_list": null,
                        "time_zone": 85,
                        "workgroup": "WORKGROUP"
                      }
                    ],
                    "windows_sysprep_text": ""
                  }
                ],
                "linked_clone": false,
                "ovf_network_map": null,
                "ovf_storage_map": null,
                "template_uuid": "421de2c2-5d22-9673-a0e0-aa2dedb2a70e",
                "timeout": 30
              }
            ],
            "cpu_hot_add_enabled": false,
            "cpu_hot_remove_enabled": false,
            "cpu_limit": -1,
            "cpu_performance_counters_enabled": false,
            "cpu_reservation": 0,
            "cpu_share_count": 4000,
            "cpu_share_level": "normal",
            "custom_attributes": null,
            "datacenter_id": null,
            "datastore_cluster_id": null,
            "datastore_id": "datastore-29",
            "default_ip_address": "169.254.23.131",
            "disk": [
              {
                "attach": false,
                "controller_type": "scsi",
                "datastore_id": "datastore-29",
                "device_address": "scsi:0:0",
                "disk_mode": "persistent",
                "disk_sharing": "sharingNone",
                "eagerly_scrub": false,
                "io_limit": -1,
                "io_reservation": 0,
                "io_share_count": 1000,
                "io_share_level": "normal",
                "keep_on_remove": false,
                "key": 2000,
                "label": "disk0",
                "path": "cdx-nstp-01/cdx-nstp-01.vmdk",
                "size": 90,
                "storage_policy_id": "",
                "thin_provisioned": true,
                "unit_number": 0,
                "uuid": "6000C294-e587-4ae1-9b49-22fe71760f50",
                "write_through": false
              },
              {
                "attach": false,
                "controller_type": "scsi",
                "datastore_id": "datastore-29",
                "device_address": "scsi:0:1",
                "disk_mode": "persistent",
                "disk_sharing": "sharingNone",
                "eagerly_scrub": false,
                "io_limit": -1,
                "io_reservation": 0,
                "io_share_count": 1000,
                "io_share_level": "normal",
                "keep_on_remove": false,
                "key": 2001,
                "label": "disk1",
                "path": "cdx-nstp-01/cdx-nstp-01_1.vmdk",
                "size": 120,
                "storage_policy_id": "",
                "thin_provisioned": true,
                "unit_number": 1,
                "uuid": "6000C293-189a-8500-c475-bcb079f63ce2",
                "write_through": false
              }
            ],
            "efi_secure_boot_enabled": false,
            "enable_disk_uuid": false,
            "enable_logging": false,
            "ept_rvi_mode": "automatic",
            "extra_config": null,
            "extra_config_reboot_required": true,
            "firmware": "bios",
            "folder": "CDX Environment/Internet/Servers",
            "force_power_off": true,
            "guest_id": "windows2019srvNext_64Guest",
            "guest_ip_addresses": [
              "169.254.23.131",
              "fe80::6b0:f370:3db4:53a7"
            ],
            "hardware_version": 18,
            "host_system_id": "host-25",
            "hv_mode": "hvAuto",
            "id": "421df565-5875-da85-acab-b3682b6d538f",
            "ide_controller_count": 2,
            "ignored_guest_ips": null,
            "imported": null,
            "latency_sensitivity": "normal",
            "memory": 32768,
            "memory_hot_add_enabled": false,
            "memory_limit": -1,
            "memory_reservation": 0,
            "memory_share_count": 327680,
            "memory_share_level": "normal",
            "migrate_wait_timeout": 30,
            "moid": "vm-3567",
            "name": "cdx-nstp-01",
            "nested_hv_enabled": false,
            "network_interface": [
              {
                "adapter_type": "vmxnet3",
                "bandwidth_limit": -1,
                "bandwidth_reservation": 0,
                "bandwidth_share_count": 50,
                "bandwidth_share_level": "normal",
                "device_address": "pci:0:7",
                "key": 4000,
                "mac_address": "00:50:56:9d:4e:20",
                "network_id": "network-3543",
                "ovf_mapping": "",
                "use_static_mac": false
              }
            ],
            "num_cores_per_socket": 1,
            "num_cpus": 4,
            "ovf_deploy": [],
            "pci_device_id": null,
            "power_state": "on",
            "poweron_timeout": 300,
            "reboot_required": false,
            "replace_trigger": null,
            "resource_pool_id": "resgroup-23",
            "run_tools_scripts_after_power_on": true,
            "run_tools_scripts_after_resume": true,
            "run_tools_scripts_before_guest_reboot": false,
            "run_tools_scripts_before_guest_shutdown": true,
            "run_tools_scripts_before_guest_standby": true,
            "sata_controller_count": 0,
            "scsi_bus_sharing": "noSharing",
            "scsi_controller_count": 1,
            "scsi_type": "lsilogic-sas",
            "shutdown_wait_timeout": 3,
            "storage_policy_id": "",
            "swap_placement_policy": "inherit",
            "sync_time_with_host": true,
            "sync_time_with_host_periodically": false,
            "tags": null,
            "tools_upgrade_policy": "manual",
            "uuid": "421df565-5875-da85-acab-b3682b6d538f",
            "vapp": [],
            "vapp_transport": [],
            "vbs_enabled": false,
            "vmware_tools_status": "guestToolsRunning",
            "vmx_path": "cdx-nstp-01/cdx-nstp-01.vmx",
            "vvtd_enabled": false,
            "wait_for_guest_ip_timeout": 0,
            "wait_for_guest_net_routable": true,
            "wait_for_guest_net_timeout": 0
          },
          "sensitive_attributes": [
            [
              {
                "type": "get_attr",
                "value": "clone"
              },
              {
                "type": "index",
                "value": {
                  "value": 0,
                  "type": "number"
                }
              },
              {
                "type": "get_attr",
                "value": "customize"
              },
              {
                "type": "index",
                "value": {
                  "value": 0,
                  "type": "number"
                }
              },
              {
                "type": "get_attr",
                "value": "windows_options"
              },
              {
                "type": "index",
                "value": {
                  "value": 0,
                  "type": "number"
                }
              },
              {
                "type": "get_attr",
                "value": "admin_password"
              }
            ]
          ],
          "private": "eyJzY2hlbWFfdmVyc2lvbiI6IjMifQ==",
          "dependencies": [
            "module.servers.data.vsphere_compute_cluster.cluster",
            "module.servers.data.vsphere_datacenter.dc",
            "module.servers.data.vsphere_datastore.store",
            "module.servers.data.vsphere_network.pg_nstp",
            "module.servers.data.vsphere_virtual_machine.template_2022"
          ]
        }
      ]
    },
    {
      "module": "module.servers",
      "mode": "managed",
      "type": "vsphere_virtual_machine",
      "name": "cdx-web-01",
      "provider": "provider[\"registry.terraform.io/hashicorp/vsphere\"]",
      "instances": [
        {
          "schema_version": 3,
          "attributes": {
            "alternate_guest_name": "",
            "annotation": "Name: \n\nRole(s): \n\nIP: Gateway:",
            "boot_delay": 0,
            "boot_retry_delay": 10000,
            "boot_retry_enabled": false,
            "cdrom": [],
            "change_version": "2023-11-04T23:49:15.75795Z",
            "clone": [
              {
                "customize": [
                  {
                    "dns_server_list": null,
                    "dns_suffix_list": null,
                    "ipv4_gateway": "23.96.0.77",
                    "ipv6_gateway": "",
                    "linux_options": [],
                    "network_interface": [
                      {
                        "dns_domain": "",
                        "dns_server_list": [
                          "46.244.164.88"
                        ],
                        "ipv4_address": "23.96.0.60",
                        "ipv4_netmask": 24,
                        "ipv6_address": "",
                        "ipv6_netmask": 0
                      }
                    ],
                    "timeout": 10,
                    "windows_options": [
                      {
                        "admin_password": "IyTt+,uDhtR@.303",
                        "auto_logon": true,
                        "auto_logon_count": 2,
                        "computer_name": "cdx-web-01",
                        "domain_admin_password": "",
                        "domain_admin_user": "",
                        "full_name": "Administrator",
                        "join_domain": "",
                        "organization_name": "Managed by Terraform",
                        "product_key": "",
                        "run_once_command_list": null,
                        "time_zone": 85,
                        "workgroup": "WORKGROUP"
                      }
                    ],
                    "windows_sysprep_text": ""
                  }
                ],
                "linked_clone": false,
                "ovf_network_map": null,
                "ovf_storage_map": null,
                "template_uuid": "421de2c2-5d22-9673-a0e0-aa2dedb2a70e",
                "timeout": 30
              }
            ],
            "cpu_hot_add_enabled": false,
            "cpu_hot_remove_enabled": false,
            "cpu_limit": -1,
            "cpu_performance_counters_enabled": false,
            "cpu_reservation": 0,
            "cpu_share_count": 4000,
            "cpu_share_level": "normal",
            "custom_attributes": null,
            "datacenter_id": null,
            "datastore_cluster_id": null,
            "datastore_id": "datastore-29",
            "default_ip_address": "169.254.71.252",
            "disk": [
              {
                "attach": false,
                "controller_type": "scsi",
                "datastore_id": "datastore-29",
                "device_address": "scsi:0:0",
                "disk_mode": "persistent",
                "disk_sharing": "sharingNone",
                "eagerly_scrub": false,
                "io_limit": -1,
                "io_reservation": 0,
                "io_share_count": 1000,
                "io_share_level": "normal",
                "keep_on_remove": false,
                "key": 2000,
                "label": "disk0",
                "path": "cdx-web-01/cdx-web-01.vmdk",
                "size": 90,
                "storage_policy_id": "",
                "thin_provisioned": true,
                "unit_number": 0,
                "uuid": "6000C292-a664-98e1-857f-e197c6b292cc",
                "write_through": false
              },
              {
                "attach": false,
                "controller_type": "scsi",
                "datastore_id": "datastore-29",
                "device_address": "scsi:0:1",
                "disk_mode": "persistent",
                "disk_sharing": "sharingNone",
                "eagerly_scrub": false,
                "io_limit": -1,
                "io_reservation": 0,
                "io_share_count": 1000,
                "io_share_level": "normal",
                "keep_on_remove": false,
                "key": 2001,
                "label": "disk1",
                "path": "cdx-web-01/cdx-web-01_1.vmdk",
                "size": 400,
                "storage_policy_id": "",
                "thin_provisioned": true,
                "unit_number": 1,
                "uuid": "6000C296-6499-998e-3fa3-9088e4e11290",
                "write_through": false
              }
            ],
            "efi_secure_boot_enabled": false,
            "enable_disk_uuid": false,
            "enable_logging": false,
            "ept_rvi_mode": "automatic",
            "extra_config": null,
            "extra_config_reboot_required": true,
            "firmware": "bios",
            "folder": "CDX Environment/Internet/Servers",
            "force_power_off": true,
            "guest_id": "windows2019srvNext_64Guest",
            "guest_ip_addresses": [
              "169.254.71.252",
              "fe80::9e87:52a1:cd18:4ae2"
            ],
            "hardware_version": 18,
            "host_system_id": "host-25",
            "hv_mode": "hvAuto",
            "id": "421d3b68-172c-8a52-ab30-4f7588ee476e",
            "ide_controller_count": 2,
            "ignored_guest_ips": null,
            "imported": null,
            "latency_sensitivity": "normal",
            "memory": 32768,
            "memory_hot_add_enabled": false,
            "memory_limit": -1,
            "memory_reservation": 0,
            "memory_share_count": 327680,
            "memory_share_level": "normal",
            "migrate_wait_timeout": 30,
            "moid": "vm-3566",
            "name": "cdx-web-01",
            "nested_hv_enabled": false,
            "network_interface": [
              {
                "adapter_type": "vmxnet3",
                "bandwidth_limit": -1,
                "bandwidth_reservation": 0,
                "bandwidth_share_count": 50,
                "bandwidth_share_level": "normal",
                "device_address": "pci:0:7",
                "key": 4000,
                "mac_address": "00:50:56:9d:f2:55",
                "network_id": "network-3537",
                "ovf_mapping": "",
                "use_static_mac": false
              }
            ],
            "num_cores_per_socket": 1,
            "num_cpus": 4,
            "ovf_deploy": [],
            "pci_device_id": null,
            "power_state": "on",
            "poweron_timeout": 300,
            "reboot_required": false,
            "replace_trigger": null,
            "resource_pool_id": "resgroup-23",
            "run_tools_scripts_after_power_on": true,
            "run_tools_scripts_after_resume": true,
            "run_tools_scripts_before_guest_reboot": false,
            "run_tools_scripts_before_guest_shutdown": true,
            "run_tools_scripts_before_guest_standby": true,
            "sata_controller_count": 0,
            "scsi_bus_sharing": "noSharing",
            "scsi_controller_count": 1,
            "scsi_type": "lsilogic-sas",
            "shutdown_wait_timeout": 3,
            "storage_policy_id": "",
            "swap_placement_policy": "inherit",
            "sync_time_with_host": true,
            "sync_time_with_host_periodically": false,
            "tags": null,
            "tools_upgrade_policy": "manual",
            "uuid": "421d3b68-172c-8a52-ab30-4f7588ee476e",
            "vapp": [],
            "vapp_transport": [],
            "vbs_enabled": false,
            "vmware_tools_status": "guestToolsRunning",
            "vmx_path": "cdx-web-01/cdx-web-01.vmx",
            "vvtd_enabled": false,
            "wait_for_guest_ip_timeout": 0,
            "wait_for_guest_net_routable": true,
            "wait_for_guest_net_timeout": 0
          },
          "sensitive_attributes": [
            [
              {
                "type": "get_attr",
                "value": "clone"
              },
              {
                "type": "index",
                "value": {
                  "value": 0,
                  "type": "number"
                }
              },
              {
                "type": "get_attr",
                "value": "customize"
              },
              {
                "type": "index",
                "value": {
                  "value": 0,
                  "type": "number"
                }
              },
              {
                "type": "get_attr",
                "value": "windows_options"
              },
              {
                "type": "index",
                "value": {
                  "value": 0,
                  "type": "number"
                }
              },
              {
                "type": "get_attr",
                "value": "admin_password"
              }
            ]
          ],
          "private": "eyJzY2hlbWFfdmVyc2lvbiI6IjMifQ==",
          "dependencies": [
            "module.servers.data.vsphere_compute_cluster.cluster",
            "module.servers.data.vsphere_datacenter.dc",
            "module.servers.data.vsphere_datastore.store",
            "module.servers.data.vsphere_network.pg_web",
            "module.servers.data.vsphere_virtual_machine.template_2022"
          ]
        }
      ]
    }
  ],
  "check_results": null
}
